Microsoft Visual Studio Solution File, Format Version 12.00
# Visual Studio Version 17
VisualStudioVersion = 17.13.35825.156
MinimumVisualStudioVersion = 10.0.40219.1
Project("{FAE04EC0-301F-11D3-BF4B-00C04F79EFBC}") = "Example", "Example.csproj", "{111BC966-0DCC-4FCC-B0F6-9D4090176F3F}"
EndProject
Global
	GlobalSection(SolutionConfigurationPlatforms) = preSolution
		Debug|Any CPU = Debug|Any CPU
		Release|Any CPU = Release|Any CPU
	EndGlobalSection
	GlobalSection(ProjectConfigurationPlatforms) = postSolution
		{111BC966-0DCC-4FCC-B0F6-9D4090176F3F}.Debug|Any CPU.ActiveCfg = Debug|Any CPU
		{111BC966-0DCC-4FCC-B0F6-9D4090176F3F}.Debug|Any CPU.Build.0 = Debug|Any CPU
		{111BC966-0DCC-4FCC-B0F6-9D4090176F3F}.Release|Any CPU.ActiveCfg = Release|Any CPU
		{111BC966-0DCC-4FCC-B0F6-9D4090176F3F}.Release|Any CPU.Build.0 = Release|Any CPU
	EndGlobalSection
	GlobalSection(SolutionProperties) = preSolution
		HideSolutionNode = FALSE
	EndGlobalSection
	GlobalSection(ExtensibilityGlobals) = postSolution
		SolutionGuid = {681F300E-9822-4CEF-849C-9CE2CA3D6738}
	EndGlobalSection
EndGlobal
