
Microsoft Visual Studio Solution File, Format Version 12.00
# Visual Studio Version 17
VisualStudioVersion = 17.5.33516.290
MinimumVisualStudioVersion = 10.0.40219.1
Project("{2150E333-8FDC-42A3-9474-1A3956D46DE8}") = "CreationalDesignPatterns", "CreationalDesignPatterns", "{CD296D46-C64D-4D2D-8FA3-973AB6C9068E}"
EndProject
Project("{9A19103F-16F7-4668-BE54-9A1E7A4F7556}") = "DesignPatterns.Creational.AbstractFactory", "CreationalDesignPatterns\DesignPatterns.Creational.AbstractFactory\DesignPatterns.Creational.AbstractFactory.csproj", "{6D676BB0-7770-497C-A038-9BCFDB51EF64}"
EndProject
Project("{9A19103F-16F7-4668-BE54-9A1E7A4F7556}") = "DesignPatterns.Creational.FactoryMethod", "CreationalDesignPatterns\DesignPatterns.Creational.FactoryMethod\DesignPatterns.Creational.FactoryMethod.csproj", "{FD485C85-9A47-4FE3-B687-8C374E5816C5}"
EndProject
Project("{9A19103F-16F7-4668-BE54-9A1E7A4F7556}") = "DesignPatterns.Creational.Prototype", "CreationalDesignPatterns\DesignPatterns.Creational.Prototype\DesignPatterns.Creational.Prototype.csproj", "{1D510F6F-0092-4C71-9A26-472FD6872CA8}"
EndProject
Project("{9A19103F-16F7-4668-BE54-9A1E7A4F7556}") = "DesignPatterns.Creational.Singleton", "CreationalDesignPatterns\DesignPatterns.Creational.Singleton\DesignPatterns.Creational.Singleton.csproj", "{753A921B-D2DB-4F1F-B244-9431C5ACE8EA}"
EndProject
Project("{9A19103F-16F7-4668-BE54-9A1E7A4F7556}") = "DesignPatterns.Creational.ObserverPattern", "DesignPatterns.Creational.ObserverPattern\DesignPatterns.Creational.ObserverPattern.csproj", "{D7FAA77D-950B-468D-8AB1-DB8185163C3E}"
EndProject
Project("{9A19103F-16F7-4668-BE54-9A1E7A4F7556}") = "DesignPatterns.Creational.Builder", "CreationalDesignPatterns\DesignPatterns.Creational.Builder\DesignPatterns.Creational.Builder.csproj", "{244FBF7E-C649-43BB-9502-4EA8F8376597}"
EndProject
Project("{9A19103F-16F7-4668-BE54-9A1E7A4F7556}") = "DesignPatterns.Creational.BuilderPattern", "CreationalDesignPatterns\DesignPatterns.Creational.BuilderPattern\DesignPatterns.Creational.BuilderPattern.csproj", "{53706676-F000-45DB-87F9-5FF2D5FECE3E}"
EndProject
Project("{2150E333-8FDC-42A3-9474-1A3956D46DE8}") = "StructuralDesignPatterns", "StructuralDesignPatterns", "{14A4922A-9C92-4FC8-BFCC-2DC941902EFA}"
EndProject
Project("{9A19103F-16F7-4668-BE54-9A1E7A4F7556}") = "DesignPatterns.Structural.Flyweight", "StructuralDesignPatterns\DesignPatterns.Structural.Flyweight\DesignPatterns.Structural.Flyweight.csproj", "{D6F5C370-F4A6-4EC9-A7C8-063443786B64}"
EndProject
Project("{9A19103F-16F7-4668-BE54-9A1E7A4F7556}") = "DesignPatterns.Structural.Adapter", "StructuralDesignPatterns\DesignPatterns.Structural.Adapter\DesignPatterns.Structural.Adapter.csproj", "{32BCC0A8-DC02-492B-B027-39A9F45E7E2C}"
EndProject
Project("{9A19103F-16F7-4668-BE54-9A1E7A4F7556}") = "DesignPatterns.Structural.Composite", "StructuralDesignPatterns\DesignPatterns.Structural.Composite\DesignPatterns.Structural.Composite.csproj", "{9EDF46CC-C68A-4A57-B1BA-4362892D4D46}"
EndProject
Project("{9A19103F-16F7-4668-BE54-9A1E7A4F7556}") = "DesingPatterns.Structural.Facade", "StructuralDesignPatterns\DesingPatterns.Structural.Facade\DesingPatterns.Structural.Facade.csproj", "{F0415EB6-FA17-47DE-8585-83FF30DABC84}"
EndProject
Project("{9A19103F-16F7-4668-BE54-9A1E7A4F7556}") = "DesingPatterns.Structural.Proxy", "StructuralDesignPatterns\DesingPatterns.Structural.Proxy\DesingPatterns.Structural.Proxy.csproj", "{484C38A5-0B8A-40B5-AFF0-6EA5B0FC4B36}"
EndProject
Project("{FAE04EC0-301F-11D3-BF4B-00C04F79EFBC}") = "DesignPatterns.Structural.Decorator", "StructuralDesignPatterns\DesignPatterns.Structural.Decorator\DesignPatterns.Structural.Decorator.csproj", "{0F916CAC-2C84-4846-A3CE-E77A2FB6AD52}"
EndProject
Project("{FAE04EC0-301F-11D3-BF4B-00C04F79EFBC}") = "DesignPatterns.Structural.Bridge", "StructuralDesignPatterns\DesignPatterns.Structural.Bridge\DesignPatterns.Structural.Bridge.csproj", "{1460A6FB-026A-47BB-B4FB-5D8D525B38C7}"
EndProject
Global
	GlobalSection(SolutionConfigurationPlatforms) = preSolution
		Debug|Any CPU = Debug|Any CPU
		Debug|x64 = Debug|x64
		Debug|x86 = Debug|x86
		Release|Any CPU = Release|Any CPU
		Release|x64 = Release|x64
		Release|x86 = Release|x86
	EndGlobalSection
	GlobalSection(ProjectConfigurationPlatforms) = postSolution
		{6D676BB0-7770-497C-A038-9BCFDB51EF64}.Debug|Any CPU.ActiveCfg = Debug|Any CPU
		{6D676BB0-7770-497C-A038-9BCFDB51EF64}.Debug|Any CPU.Build.0 = Debug|Any CPU
		{6D676BB0-7770-497C-A038-9BCFDB51EF64}.Debug|x64.ActiveCfg = Debug|Any CPU
		{6D676BB0-7770-497C-A038-9BCFDB51EF64}.Debug|x64.Build.0 = Debug|Any CPU
		{6D676BB0-7770-497C-A038-9BCFDB51EF64}.Debug|x86.ActiveCfg = Debug|Any CPU
		{6D676BB0-7770-497C-A038-9BCFDB51EF64}.Debug|x86.Build.0 = Debug|Any CPU
		{6D676BB0-7770-497C-A038-9BCFDB51EF64}.Release|Any CPU.ActiveCfg = Release|Any CPU
		{6D676BB0-7770-497C-A038-9BCFDB51EF64}.Release|Any CPU.Build.0 = Release|Any CPU
		{6D676BB0-7770-497C-A038-9BCFDB51EF64}.Release|x64.ActiveCfg = Release|Any CPU
		{6D676BB0-7770-497C-A038-9BCFDB51EF64}.Release|x64.Build.0 = Release|Any CPU
		{6D676BB0-7770-497C-A038-9BCFDB51EF64}.Release|x86.ActiveCfg = Release|Any CPU
		{6D676BB0-7770-497C-A038-9BCFDB51EF64}.Release|x86.Build.0 = Release|Any CPU
		{FD485C85-9A47-4FE3-B687-8C374E5816C5}.Debug|Any CPU.ActiveCfg = Debug|Any CPU
		{FD485C85-9A47-4FE3-B687-8C374E5816C5}.Debug|Any CPU.Build.0 = Debug|Any CPU
		{FD485C85-9A47-4FE3-B687-8C374E5816C5}.Debug|x64.ActiveCfg = Debug|Any CPU
		{FD485C85-9A47-4FE3-B687-8C374E5816C5}.Debug|x64.Build.0 = Debug|Any CPU
		{FD485C85-9A47-4FE3-B687-8C374E5816C5}.Debug|x86.ActiveCfg = Debug|Any CPU
		{FD485C85-9A47-4FE3-B687-8C374E5816C5}.Debug|x86.Build.0 = Debug|Any CPU
		{FD485C85-9A47-4FE3-B687-8C374E5816C5}.Release|Any CPU.ActiveCfg = Release|Any CPU
		{FD485C85-9A47-4FE3-B687-8C374E5816C5}.Release|Any CPU.Build.0 = Release|Any CPU
		{FD485C85-9A47-4FE3-B687-8C374E5816C5}.Release|x64.ActiveCfg = Release|Any CPU
		{FD485C85-9A47-4FE3-B687-8C374E5816C5}.Release|x64.Build.0 = Release|Any CPU
		{FD485C85-9A47-4FE3-B687-8C374E5816C5}.Release|x86.ActiveCfg = Release|Any CPU
		{FD485C85-9A47-4FE3-B687-8C374E5816C5}.Release|x86.Build.0 = Release|Any CPU
		{1D510F6F-0092-4C71-9A26-472FD6872CA8}.Debug|Any CPU.ActiveCfg = Debug|Any CPU
		{1D510F6F-0092-4C71-9A26-472FD6872CA8}.Debug|Any CPU.Build.0 = Debug|Any CPU
		{1D510F6F-0092-4C71-9A26-472FD6872CA8}.Debug|x64.ActiveCfg = Debug|Any CPU
		{1D510F6F-0092-4C71-9A26-472FD6872CA8}.Debug|x64.Build.0 = Debug|Any CPU
		{1D510F6F-0092-4C71-9A26-472FD6872CA8}.Debug|x86.ActiveCfg = Debug|Any CPU
		{1D510F6F-0092-4C71-9A26-472FD6872CA8}.Debug|x86.Build.0 = Debug|Any CPU
		{1D510F6F-0092-4C71-9A26-472FD6872CA8}.Release|Any CPU.ActiveCfg = Release|Any CPU
		{1D510F6F-0092-4C71-9A26-472FD6872CA8}.Release|Any CPU.Build.0 = Release|Any CPU
		{1D510F6F-0092-4C71-9A26-472FD6872CA8}.Release|x64.ActiveCfg = Release|Any CPU
		{1D510F6F-0092-4C71-9A26-472FD6872CA8}.Release|x64.Build.0 = Release|Any CPU
		{1D510F6F-0092-4C71-9A26-472FD6872CA8}.Release|x86.ActiveCfg = Release|Any CPU
		{1D510F6F-0092-4C71-9A26-472FD6872CA8}.Release|x86.Build.0 = Release|Any CPU
		{753A921B-D2DB-4F1F-B244-9431C5ACE8EA}.Debug|Any CPU.ActiveCfg = Debug|Any CPU
		{753A921B-D2DB-4F1F-B244-9431C5ACE8EA}.Debug|Any CPU.Build.0 = Debug|Any CPU
		{753A921B-D2DB-4F1F-B244-9431C5ACE8EA}.Debug|x64.ActiveCfg = Debug|Any CPU
		{753A921B-D2DB-4F1F-B244-9431C5ACE8EA}.Debug|x64.Build.0 = Debug|Any CPU
		{753A921B-D2DB-4F1F-B244-9431C5ACE8EA}.Debug|x86.ActiveCfg = Debug|Any CPU
		{753A921B-D2DB-4F1F-B244-9431C5ACE8EA}.Debug|x86.Build.0 = Debug|Any CPU
		{753A921B-D2DB-4F1F-B244-9431C5ACE8EA}.Release|Any CPU.ActiveCfg = Release|Any CPU
		{753A921B-D2DB-4F1F-B244-9431C5ACE8EA}.Release|Any CPU.Build.0 = Release|Any CPU
		{753A921B-D2DB-4F1F-B244-9431C5ACE8EA}.Release|x64.ActiveCfg = Release|Any CPU
		{753A921B-D2DB-4F1F-B244-9431C5ACE8EA}.Release|x64.Build.0 = Release|Any CPU
		{753A921B-D2DB-4F1F-B244-9431C5ACE8EA}.Release|x86.ActiveCfg = Release|Any CPU
		{753A921B-D2DB-4F1F-B244-9431C5ACE8EA}.Release|x86.Build.0 = Release|Any CPU
		{D7FAA77D-950B-468D-8AB1-DB8185163C3E}.Debug|Any CPU.ActiveCfg = Debug|Any CPU
		{D7FAA77D-950B-468D-8AB1-DB8185163C3E}.Debug|Any CPU.Build.0 = Debug|Any CPU
		{D7FAA77D-950B-468D-8AB1-DB8185163C3E}.Debug|x64.ActiveCfg = Debug|Any CPU
		{D7FAA77D-950B-468D-8AB1-DB8185163C3E}.Debug|x64.Build.0 = Debug|Any CPU
		{D7FAA77D-950B-468D-8AB1-DB8185163C3E}.Debug|x86.ActiveCfg = Debug|Any CPU
		{D7FAA77D-950B-468D-8AB1-DB8185163C3E}.Debug|x86.Build.0 = Debug|Any CPU
		{D7FAA77D-950B-468D-8AB1-DB8185163C3E}.Release|Any CPU.ActiveCfg = Release|Any CPU
		{D7FAA77D-950B-468D-8AB1-DB8185163C3E}.Release|Any CPU.Build.0 = Release|Any CPU
		{D7FAA77D-950B-468D-8AB1-DB8185163C3E}.Release|x64.ActiveCfg = Release|Any CPU
		{D7FAA77D-950B-468D-8AB1-DB8185163C3E}.Release|x64.Build.0 = Release|Any CPU
		{D7FAA77D-950B-468D-8AB1-DB8185163C3E}.Release|x86.ActiveCfg = Release|Any CPU
		{D7FAA77D-950B-468D-8AB1-DB8185163C3E}.Release|x86.Build.0 = Release|Any CPU
		{244FBF7E-C649-43BB-9502-4EA8F8376597}.Debug|Any CPU.ActiveCfg = Debug|Any CPU
		{244FBF7E-C649-43BB-9502-4EA8F8376597}.Debug|Any CPU.Build.0 = Debug|Any CPU
		{244FBF7E-C649-43BB-9502-4EA8F8376597}.Debug|x64.ActiveCfg = Debug|Any CPU
		{244FBF7E-C649-43BB-9502-4EA8F8376597}.Debug|x64.Build.0 = Debug|Any CPU
		{244FBF7E-C649-43BB-9502-4EA8F8376597}.Debug|x86.ActiveCfg = Debug|Any CPU
		{244FBF7E-C649-43BB-9502-4EA8F8376597}.Debug|x86.Build.0 = Debug|Any CPU
		{244FBF7E-C649-43BB-9502-4EA8F8376597}.Release|Any CPU.ActiveCfg = Release|Any CPU
		{244FBF7E-C649-43BB-9502-4EA8F8376597}.Release|Any CPU.Build.0 = Release|Any CPU
		{244FBF7E-C649-43BB-9502-4EA8F8376597}.Release|x64.ActiveCfg = Release|Any CPU
		{244FBF7E-C649-43BB-9502-4EA8F8376597}.Release|x64.Build.0 = Release|Any CPU
		{244FBF7E-C649-43BB-9502-4EA8F8376597}.Release|x86.ActiveCfg = Release|Any CPU
		{244FBF7E-C649-43BB-9502-4EA8F8376597}.Release|x86.Build.0 = Release|Any CPU
		{53706676-F000-45DB-87F9-5FF2D5FECE3E}.Debug|Any CPU.ActiveCfg = Debug|Any CPU
		{53706676-F000-45DB-87F9-5FF2D5FECE3E}.Debug|Any CPU.Build.0 = Debug|Any CPU
		{53706676-F000-45DB-87F9-5FF2D5FECE3E}.Debug|x64.ActiveCfg = Debug|Any CPU
		{53706676-F000-45DB-87F9-5FF2D5FECE3E}.Debug|x64.Build.0 = Debug|Any CPU
		{53706676-F000-45DB-87F9-5FF2D5FECE3E}.Debug|x86.ActiveCfg = Debug|Any CPU
		{53706676-F000-45DB-87F9-5FF2D5FECE3E}.Debug|x86.Build.0 = Debug|Any CPU
		{53706676-F000-45DB-87F9-5FF2D5FECE3E}.Release|Any CPU.ActiveCfg = Release|Any CPU
		{53706676-F000-45DB-87F9-5FF2D5FECE3E}.Release|Any CPU.Build.0 = Release|Any CPU
		{53706676-F000-45DB-87F9-5FF2D5FECE3E}.Release|x64.ActiveCfg = Release|Any CPU
		{53706676-F000-45DB-87F9-5FF2D5FECE3E}.Release|x64.Build.0 = Release|Any CPU
		{53706676-F000-45DB-87F9-5FF2D5FECE3E}.Release|x86.ActiveCfg = Release|Any CPU
		{53706676-F000-45DB-87F9-5FF2D5FECE3E}.Release|x86.Build.0 = Release|Any CPU
		{D6F5C370-F4A6-4EC9-A7C8-063443786B64}.Debug|Any CPU.ActiveCfg = Debug|Any CPU
		{D6F5C370-F4A6-4EC9-A7C8-063443786B64}.Debug|Any CPU.Build.0 = Debug|Any CPU
		{D6F5C370-F4A6-4EC9-A7C8-063443786B64}.Debug|x64.ActiveCfg = Debug|Any CPU
		{D6F5C370-F4A6-4EC9-A7C8-063443786B64}.Debug|x64.Build.0 = Debug|Any CPU
		{D6F5C370-F4A6-4EC9-A7C8-063443786B64}.Debug|x86.ActiveCfg = Debug|Any CPU
		{D6F5C370-F4A6-4EC9-A7C8-063443786B64}.Debug|x86.Build.0 = Debug|Any CPU
		{D6F5C370-F4A6-4EC9-A7C8-063443786B64}.Release|Any CPU.ActiveCfg = Release|Any CPU
		{D6F5C370-F4A6-4EC9-A7C8-063443786B64}.Release|Any CPU.Build.0 = Release|Any CPU
		{D6F5C370-F4A6-4EC9-A7C8-063443786B64}.Release|x64.ActiveCfg = Release|Any CPU
		{D6F5C370-F4A6-4EC9-A7C8-063443786B64}.Release|x64.Build.0 = Release|Any CPU
		{D6F5C370-F4A6-4EC9-A7C8-063443786B64}.Release|x86.ActiveCfg = Release|Any CPU
		{D6F5C370-F4A6-4EC9-A7C8-063443786B64}.Release|x86.Build.0 = Release|Any CPU
		{32BCC0A8-DC02-492B-B027-39A9F45E7E2C}.Debug|Any CPU.ActiveCfg = Debug|Any CPU
		{32BCC0A8-DC02-492B-B027-39A9F45E7E2C}.Debug|Any CPU.Build.0 = Debug|Any CPU
		{32BCC0A8-DC02-492B-B027-39A9F45E7E2C}.Debug|x64.ActiveCfg = Debug|Any CPU
		{32BCC0A8-DC02-492B-B027-39A9F45E7E2C}.Debug|x64.Build.0 = Debug|Any CPU
		{32BCC0A8-DC02-492B-B027-39A9F45E7E2C}.Debug|x86.ActiveCfg = Debug|Any CPU
		{32BCC0A8-DC02-492B-B027-39A9F45E7E2C}.Debug|x86.Build.0 = Debug|Any CPU
		{32BCC0A8-DC02-492B-B027-39A9F45E7E2C}.Release|Any CPU.ActiveCfg = Release|Any CPU
		{32BCC0A8-DC02-492B-B027-39A9F45E7E2C}.Release|Any CPU.Build.0 = Release|Any CPU
		{32BCC0A8-DC02-492B-B027-39A9F45E7E2C}.Release|x64.ActiveCfg = Release|Any CPU
		{32BCC0A8-DC02-492B-B027-39A9F45E7E2C}.Release|x64.Build.0 = Release|Any CPU
		{32BCC0A8-DC02-492B-B027-39A9F45E7E2C}.Release|x86.ActiveCfg = Release|Any CPU
		{32BCC0A8-DC02-492B-B027-39A9F45E7E2C}.Release|x86.Build.0 = Release|Any CPU
		{9EDF46CC-C68A-4A57-B1BA-4362892D4D46}.Debug|Any CPU.ActiveCfg = Debug|Any CPU
		{9EDF46CC-C68A-4A57-B1BA-4362892D4D46}.Debug|Any CPU.Build.0 = Debug|Any CPU
		{9EDF46CC-C68A-4A57-B1BA-4362892D4D46}.Debug|x64.ActiveCfg = Debug|Any CPU
		{9EDF46CC-C68A-4A57-B1BA-4362892D4D46}.Debug|x64.Build.0 = Debug|Any CPU
		{9EDF46CC-C68A-4A57-B1BA-4362892D4D46}.Debug|x86.ActiveCfg = Debug|Any CPU
		{9EDF46CC-C68A-4A57-B1BA-4362892D4D46}.Debug|x86.Build.0 = Debug|Any CPU
		{9EDF46CC-C68A-4A57-B1BA-4362892D4D46}.Release|Any CPU.ActiveCfg = Release|Any CPU
		{9EDF46CC-C68A-4A57-B1BA-4362892D4D46}.Release|Any CPU.Build.0 = Release|Any CPU
		{9EDF46CC-C68A-4A57-B1BA-4362892D4D46}.Release|x64.ActiveCfg = Release|Any CPU
		{9EDF46CC-C68A-4A57-B1BA-4362892D4D46}.Release|x64.Build.0 = Release|Any CPU
		{9EDF46CC-C68A-4A57-B1BA-4362892D4D46}.Release|x86.ActiveCfg = Release|Any CPU
		{9EDF46CC-C68A-4A57-B1BA-4362892D4D46}.Release|x86.Build.0 = Release|Any CPU
		{F0415EB6-FA17-47DE-8585-83FF30DABC84}.Debug|Any CPU.ActiveCfg = Debug|Any CPU
		{F0415EB6-FA17-47DE-8585-83FF30DABC84}.Debug|Any CPU.Build.0 = Debug|Any CPU
		{F0415EB6-FA17-47DE-8585-83FF30DABC84}.Debug|x64.ActiveCfg = Debug|Any CPU
		{F0415EB6-FA17-47DE-8585-83FF30DABC84}.Debug|x64.Build.0 = Debug|Any CPU
		{F0415EB6-FA17-47DE-8585-83FF30DABC84}.Debug|x86.ActiveCfg = Debug|Any CPU
		{F0415EB6-FA17-47DE-8585-83FF30DABC84}.Debug|x86.Build.0 = Debug|Any CPU
		{F0415EB6-FA17-47DE-8585-83FF30DABC84}.Release|Any CPU.ActiveCfg = Release|Any CPU
		{F0415EB6-FA17-47DE-8585-83FF30DABC84}.Release|Any CPU.Build.0 = Release|Any CPU
		{F0415EB6-FA17-47DE-8585-83FF30DABC84}.Release|x64.ActiveCfg = Release|Any CPU
		{F0415EB6-FA17-47DE-8585-83FF30DABC84}.Release|x64.Build.0 = Release|Any CPU
		{F0415EB6-FA17-47DE-8585-83FF30DABC84}.Release|x86.ActiveCfg = Release|Any CPU
		{F0415EB6-FA17-47DE-8585-83FF30DABC84}.Release|x86.Build.0 = Release|Any CPU
		{484C38A5-0B8A-40B5-AFF0-6EA5B0FC4B36}.Debug|Any CPU.ActiveCfg = Debug|Any CPU
		{484C38A5-0B8A-40B5-AFF0-6EA5B0FC4B36}.Debug|Any CPU.Build.0 = Debug|Any CPU
		{484C38A5-0B8A-40B5-AFF0-6EA5B0FC4B36}.Debug|x64.ActiveCfg = Debug|Any CPU
		{484C38A5-0B8A-40B5-AFF0-6EA5B0FC4B36}.Debug|x64.Build.0 = Debug|Any CPU
		{484C38A5-0B8A-40B5-AFF0-6EA5B0FC4B36}.Debug|x86.ActiveCfg = Debug|Any CPU
		{484C38A5-0B8A-40B5-AFF0-6EA5B0FC4B36}.Debug|x86.Build.0 = Debug|Any CPU
		{484C38A5-0B8A-40B5-AFF0-6EA5B0FC4B36}.Release|Any CPU.ActiveCfg = Release|Any CPU
		{484C38A5-0B8A-40B5-AFF0-6EA5B0FC4B36}.Release|Any CPU.Build.0 = Release|Any CPU
		{484C38A5-0B8A-40B5-AFF0-6EA5B0FC4B36}.Release|x64.ActiveCfg = Release|Any CPU
		{484C38A5-0B8A-40B5-AFF0-6EA5B0FC4B36}.Release|x64.Build.0 = Release|Any CPU
		{484C38A5-0B8A-40B5-AFF0-6EA5B0FC4B36}.Release|x86.ActiveCfg = Release|Any CPU
		{484C38A5-0B8A-40B5-AFF0-6EA5B0FC4B36}.Release|x86.Build.0 = Release|Any CPU
		{0F916CAC-2C84-4846-A3CE-E77A2FB6AD52}.Debug|Any CPU.ActiveCfg = Debug|Any CPU
		{0F916CAC-2C84-4846-A3CE-E77A2FB6AD52}.Debug|Any CPU.Build.0 = Debug|Any CPU
		{0F916CAC-2C84-4846-A3CE-E77A2FB6AD52}.Debug|x64.ActiveCfg = Debug|Any CPU
		{0F916CAC-2C84-4846-A3CE-E77A2FB6AD52}.Debug|x64.Build.0 = Debug|Any CPU
		{0F916CAC-2C84-4846-A3CE-E77A2FB6AD52}.Debug|x86.ActiveCfg = Debug|Any CPU
		{0F916CAC-2C84-4846-A3CE-E77A2FB6AD52}.Debug|x86.Build.0 = Debug|Any CPU
		{0F916CAC-2C84-4846-A3CE-E77A2FB6AD52}.Release|Any CPU.ActiveCfg = Release|Any CPU
		{0F916CAC-2C84-4846-A3CE-E77A2FB6AD52}.Release|Any CPU.Build.0 = Release|Any CPU
		{0F916CAC-2C84-4846-A3CE-E77A2FB6AD52}.Release|x64.ActiveCfg = Release|Any CPU
		{0F916CAC-2C84-4846-A3CE-E77A2FB6AD52}.Release|x64.Build.0 = Release|Any CPU
		{0F916CAC-2C84-4846-A3CE-E77A2FB6AD52}.Release|x86.ActiveCfg = Release|Any CPU
		{0F916CAC-2C84-4846-A3CE-E77A2FB6AD52}.Release|x86.Build.0 = Release|Any CPU
		{1460A6FB-026A-47BB-B4FB-5D8D525B38C7}.Debug|Any CPU.ActiveCfg = Debug|Any CPU
		{1460A6FB-026A-47BB-B4FB-5D8D525B38C7}.Debug|Any CPU.Build.0 = Debug|Any CPU
		{1460A6FB-026A-47BB-B4FB-5D8D525B38C7}.Debug|x64.ActiveCfg = Debug|Any CPU
		{1460A6FB-026A-47BB-B4FB-5D8D525B38C7}.Debug|x64.Build.0 = Debug|Any CPU
		{1460A6FB-026A-47BB-B4FB-5D8D525B38C7}.Debug|x86.ActiveCfg = Debug|Any CPU
		{1460A6FB-026A-47BB-B4FB-5D8D525B38C7}.Debug|x86.Build.0 = Debug|Any CPU
		{1460A6FB-026A-47BB-B4FB-5D8D525B38C7}.Release|Any CPU.ActiveCfg = Release|Any CPU
		{1460A6FB-026A-47BB-B4FB-5D8D525B38C7}.Release|Any CPU.Build.0 = Release|Any CPU
		{1460A6FB-026A-47BB-B4FB-5D8D525B38C7}.Release|x64.ActiveCfg = Release|Any CPU
		{1460A6FB-026A-47BB-B4FB-5D8D525B38C7}.Release|x64.Build.0 = Release|Any CPU
		{1460A6FB-026A-47BB-B4FB-5D8D525B38C7}.Release|x86.ActiveCfg = Release|Any CPU
		{1460A6FB-026A-47BB-B4FB-5D8D525B38C7}.Release|x86.Build.0 = Release|Any CPU
	EndGlobalSection
	GlobalSection(SolutionProperties) = preSolution
		HideSolutionNode = FALSE
	EndGlobalSection
	GlobalSection(NestedProjects) = preSolution
		{6D676BB0-7770-497C-A038-9BCFDB51EF64} = {CD296D46-C64D-4D2D-8FA3-973AB6C9068E}
		{FD485C85-9A47-4FE3-B687-8C374E5816C5} = {CD296D46-C64D-4D2D-8FA3-973AB6C9068E}
		{1D510F6F-0092-4C71-9A26-472FD6872CA8} = {CD296D46-C64D-4D2D-8FA3-973AB6C9068E}
		{753A921B-D2DB-4F1F-B244-9431C5ACE8EA} = {CD296D46-C64D-4D2D-8FA3-973AB6C9068E}
		{244FBF7E-C649-43BB-9502-4EA8F8376597} = {CD296D46-C64D-4D2D-8FA3-973AB6C9068E}
		{53706676-F000-45DB-87F9-5FF2D5FECE3E} = {CD296D46-C64D-4D2D-8FA3-973AB6C9068E}
		{D6F5C370-F4A6-4EC9-A7C8-063443786B64} = {14A4922A-9C92-4FC8-BFCC-2DC941902EFA}
		{32BCC0A8-DC02-492B-B027-39A9F45E7E2C} = {14A4922A-9C92-4FC8-BFCC-2DC941902EFA}
		{9EDF46CC-C68A-4A57-B1BA-4362892D4D46} = {14A4922A-9C92-4FC8-BFCC-2DC941902EFA}
		{F0415EB6-FA17-47DE-8585-83FF30DABC84} = {14A4922A-9C92-4FC8-BFCC-2DC941902EFA}
		{484C38A5-0B8A-40B5-AFF0-6EA5B0FC4B36} = {14A4922A-9C92-4FC8-BFCC-2DC941902EFA}
		{0F916CAC-2C84-4846-A3CE-E77A2FB6AD52} = {14A4922A-9C92-4FC8-BFCC-2DC941902EFA}
		{1460A6FB-026A-47BB-B4FB-5D8D525B38C7} = {14A4922A-9C92-4FC8-BFCC-2DC941902EFA}
	EndGlobalSection
	GlobalSection(ExtensibilityGlobals) = postSolution
		SolutionGuid = {FC245990-985D-4478-BBAB-667718F85BD9}
	EndGlobalSection
EndGlobal
