
Microsoft Visual Studio Solution File, Format Version 12.00
# Visual Studio Version 17
VisualStudioVersion = 17.5.33516.290
MinimumVisualStudioVersion = 10.0.40219.1
Project("{2150E333-8FDC-42A3-9474-1A3956D46DE8}") = "CreationalDesignPatterns", "CreationalDesignPatterns", "{CD296D46-C64D-4D2D-8FA3-973AB6C9068E}"
EndProject
Project("{9A19103F-16F7-4668-BE54-9A1E7A4F7556}") = "DesignPatterns.Creational.AbstractFactory", "CreationalDesignPatterns\DesignPatterns.Creational.AbstractFactory\DesignPatterns.Creational.AbstractFactory.csproj", "{6D676BB0-7770-497C-A038-9BCFDB51EF64}"
EndProject
Project("{9A19103F-16F7-4668-BE54-9A1E7A4F7556}") = "DesignPatterns.Creational.FactoryMethod", "CreationalDesignPatterns\DesignPatterns.Creational.FactoryMethod\DesignPatterns.Creational.FactoryMethod.csproj", "{FD485C85-9A47-4FE3-B687-8C374E5816C5}"
EndProject
Project("{9A19103F-16F7-4668-BE54-9A1E7A4F7556}") = "DesignPatterns.Creational.Prototype", "CreationalDesignPatterns\DesignPatterns.Creational.Prototype\DesignPatterns.Creational.Prototype.csproj", "{1D510F6F-0092-4C71-9A26-472FD6872CA8}"
EndProject
Project("{9A19103F-16F7-4668-BE54-9A1E7A4F7556}") = "DesignPatterns.Creational.Singleton", "CreationalDesignPatterns\DesignPatterns.Creational.Singleton\DesignPatterns.Creational.Singleton.csproj", "{753A921B-D2DB-4F1F-B244-9431C5ACE8EA}"
EndProject
Project("{9A19103F-16F7-4668-BE54-9A1E7A4F7556}") = "DesignPatterns.Creational.ObserverPattern", "DesignPatterns.Creational.ObserverPattern\DesignPatterns.Creational.ObserverPattern.csproj", "{D7FAA77D-950B-468D-8AB1-DB8185163C3E}"
EndProject
Project("{9A19103F-16F7-4668-BE54-9A1E7A4F7556}") = "DesignPatterns.Creational.Builder", "CreationalDesignPatterns\DesignPatterns.Creational.Builder\DesignPatterns.Creational.Builder.csproj", "{244FBF7E-C649-43BB-9502-4EA8F8376597}"
EndProject
Project("{9A19103F-16F7-4668-BE54-9A1E7A4F7556}") = "DesignPatterns.Creational.BuilderPattern", "CreationalDesignPatterns\DesignPatterns.Creational.BuilderPattern\DesignPatterns.Creational.BuilderPattern.csproj", "{53706676-F000-45DB-87F9-5FF2D5FECE3E}"
EndProject
Project("{2150E333-8FDC-42A3-9474-1A3956D46DE8}") = "StructuralDesignPatterns", "StructuralDesignPatterns", "{14A4922A-9C92-4FC8-BFCC-2DC941902EFA}"
EndProject
Project("{9A19103F-16F7-4668-BE54-9A1E7A4F7556}") = "DesignPatterns.Structural.Flyweight", "StructuralDesignPatterns\DesignPatterns.Structural.Flyweight\DesignPatterns.Structural.Flyweight.csproj", "{D6F5C370-F4A6-4EC9-A7C8-063443786B64}"
EndProject
Project("{9A19103F-16F7-4668-BE54-9A1E7A4F7556}") = "DesignPatterns.Structural.Adapter", "StructuralDesignPatterns\DesignPatterns.Structural.Adapter\DesignPatterns.Structural.Adapter.csproj", "{32BCC0A8-DC02-492B-B027-39A9F45E7E2C}"
EndProject
Project("{9A19103F-16F7-4668-BE54-9A1E7A4F7556}") = "DesignPatterns.Structural.Composite", "StructuralDesignPatterns\DesignPatterns.Structural.Composite\DesignPatterns.Structural.Composite.csproj", "{9EDF46CC-C68A-4A57-B1BA-4362892D4D46}"
EndProject
Project("{9A19103F-16F7-4668-BE54-9A1E7A4F7556}") = "DesingPatterns.Structural.Facade", "StructuralDesignPatterns\DesingPatterns.Structural.Facade\DesingPatterns.Structural.Facade.csproj", "{F0415EB6-FA17-47DE-8585-83FF30DABC84}"
EndProject
Project("{9A19103F-16F7-4668-BE54-9A1E7A4F7556}") = "DesingPatterns.Structural.Proxy", "StructuralDesignPatterns\DesingPatterns.Structural.Proxy\DesingPatterns.Structural.Proxy.csproj", "{484C38A5-0B8A-40B5-AFF0-6EA5B0FC4B36}"
EndProject
Project("{9A19103F-16F7-4668-BE54-9A1E7A4F7556}") = "DesignPatterns.Structural.Decorator", "StructuralDesignPatterns\DesignPatterns.Structural.Decorator\DesignPatterns.Structural.Decorator.csproj", "{0F916CAC-2C84-4846-A3CE-E77A2FB6AD52}"
EndProject
Project("{9A19103F-16F7-4668-BE54-9A1E7A4F7556}") = "DesignPatterns.Structural.Bridge", "StructuralDesignPatterns\DesignPatterns.Structural.Bridge\DesignPatterns.Structural.Bridge.csproj", "{1460A6FB-026A-47BB-B4FB-5D8D525B38C7}"
EndProject
Project("{2150E333-8FDC-42A3-9474-1A3956D46DE8}") = "BehavioralDesignPatterns", "BehavioralDesignPatterns", "{14E4E63C-D335-4D73-B3EB-E77C0B46500F}"
EndProject
Project("{9A19103F-16F7-4668-BE54-9A1E7A4F7556}") = "DesignPatterns.Behavioral.Strategy", "BehavioralDesignPatterns\DesignPatterns.Behavioral.Strategy\DesignPatterns.Behavioral.Strategy.csproj", "{3C3000A8-2751-4DB7-98B8-1D75668BF2D1}"
EndProject
Project("{2150E333-8FDC-42A3-9474-1A3956D46DE8}") = "abstract-factory", "abstract-factory", "{0DD10879-01A7-48B9-A4B6-68FC69ABE4B0}"
EndProject
Project("{9A19103F-16F7-4668-BE54-9A1E7A4F7556}") = "AbstractFactory", "CreationalDesignPatterns\abstract-factory\AbstractFactory\AbstractFactory.csproj", "{0417A6AA-4383-48E9-94A5-8C7B6803E3C7}"
EndProject
Project("{9A19103F-16F7-4668-BE54-9A1E7A4F7556}") = "AbstractFactory.Tests", "CreationalDesignPatterns\abstract-factory\AbstractFactory.Tests\AbstractFactory.Tests.csproj", "{E27AAF7E-D60C-4DE0-AC4C-362690EEC909}"
EndProject
Project("{2150E333-8FDC-42A3-9474-1A3956D46DE8}") = "factory", "factory", "{FB957531-EBA2-4D1A-AB44-46544B65410F}"
EndProject
Project("{9A19103F-16F7-4668-BE54-9A1E7A4F7556}") = "Factory", "CreationalDesignPatterns\factory\Factory\Factory.csproj", "{9EC8CEB3-60B0-4AB4-9A19-19D3750A912E}"
EndProject
Project("{9A19103F-16F7-4668-BE54-9A1E7A4F7556}") = "Factory.Tests", "CreationalDesignPatterns\factory\Factory.Tests\Factory.Tests.csproj", "{61070361-71CA-4885-878C-83B9F527C8A2}"
EndProject
Project("{2150E333-8FDC-42A3-9474-1A3956D46DE8}") = "command", "command", "{68580063-50E4-4B50-94AC-7E1A408718BE}"
EndProject
Project("{9A19103F-16F7-4668-BE54-9A1E7A4F7556}") = "Command", "BehavioralDesignPatterns\command\Command\Command.csproj", "{511033BA-D03A-4346-9838-47695B9CE099}"
EndProject
Project("{2150E333-8FDC-42A3-9474-1A3956D46DE8}") = "iterator", "iterator", "{BB370A09-4DD4-4D7C-ADAC-035DBF438EBA}"
EndProject
Project("{9A19103F-16F7-4668-BE54-9A1E7A4F7556}") = "Iterator", "BehavioralDesignPatterns\iterator\Iterator\Iterator.csproj", "{A14288C3-FB79-41C1-B357-AC7A0DEB0300}"
EndProject
Project("{9A19103F-16F7-4668-BE54-9A1E7A4F7556}") = "Iterator.Tests", "BehavioralDesignPatterns\iterator\Iterator.Tests\Iterator.Tests.csproj", "{04F97C38-AE85-40CC-B950-43A6E3D5CB94}"
EndProject
Project("{2150E333-8FDC-42A3-9474-1A3956D46DE8}") = "template-method", "template-method", "{D455AE1E-A950-43A3-A70B-274BBC33FF21}"
EndProject
Project("{9A19103F-16F7-4668-BE54-9A1E7A4F7556}") = "TemplateMethod", "BehavioralDesignPatterns\template-method\TemplateMethod\TemplateMethod.csproj", "{7A55D501-2F54-4103-A849-C3FCC37F28C5}"
EndProject
Project("{9A19103F-16F7-4668-BE54-9A1E7A4F7556}") = "TemplateMethod.Tests", "BehavioralDesignPatterns\template-method\TemplateMethod.Tests\TemplateMethod.Tests.csproj", "{A72E2683-BE8A-48DA-8180-DAEC287E073E}"
EndProject
Project("{2150E333-8FDC-42A3-9474-1A3956D46DE8}") = "observer", "observer", "{5E034C59-0FCC-4BAC-A013-76101E67EC4B}"
EndProject
Project("{9A19103F-16F7-4668-BE54-9A1E7A4F7556}") = "Observer", "BehavioralDesignPatterns\observer\Observer\Observer.csproj", "{E9BA2909-6DA3-4869-910B-D54F9E8422AD}"
EndProject
Project("{9A19103F-16F7-4668-BE54-9A1E7A4F7556}") = "Observer.Tests", "BehavioralDesignPatterns\observer\Observer.Tests\Observer.Tests.csproj", "{31A429BE-0B09-4E46-8E0F-8E2A1BCD408B}"
EndProject
Project("{2150E333-8FDC-42A3-9474-1A3956D46DE8}") = "memento", "memento", "{A5939D20-247A-466E-8F55-C8059F1F8198}"
EndProject
Project("{9A19103F-16F7-4668-BE54-9A1E7A4F7556}") = "Memento", "BehavioralDesignPatterns\memento\Memento\Memento.csproj", "{3950F2CF-04F4-4C43-B371-00E0FB3372A6}"
EndProject
Project("{9A19103F-16F7-4668-BE54-9A1E7A4F7556}") = "Memento.Tests", "BehavioralDesignPatterns\memento\Memento.Tests\Memento.Tests.csproj", "{7FE78031-6072-4CA5-860A-2F1A114EB8AD}"
EndProject
Project("{9A19103F-16F7-4668-BE54-9A1E7A4F7556}") = "Command.Tests", "BehavioralDesignPatterns\command\Command.Tests\Command.Tests.csproj", "{E9052DCC-5085-48C4-95B7-FB983E93EE63}"
EndProject
Project("{2150E333-8FDC-42A3-9474-1A3956D46DE8}") = "chain-of-responsibility", "chain-of-responsibility", "{91B870DE-B3DF-4E1C-9DD9-F644918C017E}"
EndProject
Project("{FAE04EC0-301F-11D3-BF4B-00C04F79EFBC}") = "ChainOfResponsibility", "BehavioralDesignPatterns\chain-of-responsibility\ChainOfResponsibility\ChainOfResponsibility.csproj", "{39B3E0A8-B8CF-4562-98D4-8E2DC096292C}"
EndProject
Project("{FAE04EC0-301F-11D3-BF4B-00C04F79EFBC}") = "ChainOfResponsibility.Tests", "BehavioralDesignPatterns\chain-of-responsibility\ChainOfResponsibility.Tests\ChainOfResponsibility.Tests.csproj", "{FCAE1DCA-EC78-4F58-A786-13F2D7AB48CB}"
EndProject
Global
	GlobalSection(SolutionConfigurationPlatforms) = preSolution
		Debug|Any CPU = Debug|Any CPU
		Debug|x64 = Debug|x64
		Debug|x86 = Debug|x86
		Release|Any CPU = Release|Any CPU
		Release|x64 = Release|x64
		Release|x86 = Release|x86
	EndGlobalSection
	GlobalSection(ProjectConfigurationPlatforms) = postSolution
		{6D676BB0-7770-497C-A038-9BCFDB51EF64}.Debug|Any CPU.ActiveCfg = Debug|Any CPU
		{6D676BB0-7770-497C-A038-9BCFDB51EF64}.Debug|Any CPU.Build.0 = Debug|Any CPU
		{6D676BB0-7770-497C-A038-9BCFDB51EF64}.Debug|x64.ActiveCfg = Debug|Any CPU
		{6D676BB0-7770-497C-A038-9BCFDB51EF64}.Debug|x64.Build.0 = Debug|Any CPU
		{6D676BB0-7770-497C-A038-9BCFDB51EF64}.Debug|x86.ActiveCfg = Debug|Any CPU
		{6D676BB0-7770-497C-A038-9BCFDB51EF64}.Debug|x86.Build.0 = Debug|Any CPU
		{6D676BB0-7770-497C-A038-9BCFDB51EF64}.Release|Any CPU.ActiveCfg = Release|Any CPU
		{6D676BB0-7770-497C-A038-9BCFDB51EF64}.Release|Any CPU.Build.0 = Release|Any CPU
		{6D676BB0-7770-497C-A038-9BCFDB51EF64}.Release|x64.ActiveCfg = Release|Any CPU
		{6D676BB0-7770-497C-A038-9BCFDB51EF64}.Release|x64.Build.0 = Release|Any CPU
		{6D676BB0-7770-497C-A038-9BCFDB51EF64}.Release|x86.ActiveCfg = Release|Any CPU
		{6D676BB0-7770-497C-A038-9BCFDB51EF64}.Release|x86.Build.0 = Release|Any CPU
		{FD485C85-9A47-4FE3-B687-8C374E5816C5}.Debug|Any CPU.ActiveCfg = Debug|Any CPU
		{FD485C85-9A47-4FE3-B687-8C374E5816C5}.Debug|Any CPU.Build.0 = Debug|Any CPU
		{FD485C85-9A47-4FE3-B687-8C374E5816C5}.Debug|x64.ActiveCfg = Debug|Any CPU
		{FD485C85-9A47-4FE3-B687-8C374E5816C5}.Debug|x64.Build.0 = Debug|Any CPU
		{FD485C85-9A47-4FE3-B687-8C374E5816C5}.Debug|x86.ActiveCfg = Debug|Any CPU
		{FD485C85-9A47-4FE3-B687-8C374E5816C5}.Debug|x86.Build.0 = Debug|Any CPU
		{FD485C85-9A47-4FE3-B687-8C374E5816C5}.Release|Any CPU.ActiveCfg = Release|Any CPU
		{FD485C85-9A47-4FE3-B687-8C374E5816C5}.Release|Any CPU.Build.0 = Release|Any CPU
		{FD485C85-9A47-4FE3-B687-8C374E5816C5}.Release|x64.ActiveCfg = Release|Any CPU
		{FD485C85-9A47-4FE3-B687-8C374E5816C5}.Release|x64.Build.0 = Release|Any CPU
		{FD485C85-9A47-4FE3-B687-8C374E5816C5}.Release|x86.ActiveCfg = Release|Any CPU
		{FD485C85-9A47-4FE3-B687-8C374E5816C5}.Release|x86.Build.0 = Release|Any CPU
		{1D510F6F-0092-4C71-9A26-472FD6872CA8}.Debug|Any CPU.ActiveCfg = Debug|Any CPU
		{1D510F6F-0092-4C71-9A26-472FD6872CA8}.Debug|Any CPU.Build.0 = Debug|Any CPU
		{1D510F6F-0092-4C71-9A26-472FD6872CA8}.Debug|x64.ActiveCfg = Debug|Any CPU
		{1D510F6F-0092-4C71-9A26-472FD6872CA8}.Debug|x64.Build.0 = Debug|Any CPU
		{1D510F6F-0092-4C71-9A26-472FD6872CA8}.Debug|x86.ActiveCfg = Debug|Any CPU
		{1D510F6F-0092-4C71-9A26-472FD6872CA8}.Debug|x86.Build.0 = Debug|Any CPU
		{1D510F6F-0092-4C71-9A26-472FD6872CA8}.Release|Any CPU.ActiveCfg = Release|Any CPU
		{1D510F6F-0092-4C71-9A26-472FD6872CA8}.Release|Any CPU.Build.0 = Release|Any CPU
		{1D510F6F-0092-4C71-9A26-472FD6872CA8}.Release|x64.ActiveCfg = Release|Any CPU
		{1D510F6F-0092-4C71-9A26-472FD6872CA8}.Release|x64.Build.0 = Release|Any CPU
		{1D510F6F-0092-4C71-9A26-472FD6872CA8}.Release|x86.ActiveCfg = Release|Any CPU
		{1D510F6F-0092-4C71-9A26-472FD6872CA8}.Release|x86.Build.0 = Release|Any CPU
		{753A921B-D2DB-4F1F-B244-9431C5ACE8EA}.Debug|Any CPU.ActiveCfg = Debug|Any CPU
		{753A921B-D2DB-4F1F-B244-9431C5ACE8EA}.Debug|Any CPU.Build.0 = Debug|Any CPU
		{753A921B-D2DB-4F1F-B244-9431C5ACE8EA}.Debug|x64.ActiveCfg = Debug|Any CPU
		{753A921B-D2DB-4F1F-B244-9431C5ACE8EA}.Debug|x64.Build.0 = Debug|Any CPU
		{753A921B-D2DB-4F1F-B244-9431C5ACE8EA}.Debug|x86.ActiveCfg = Debug|Any CPU
		{753A921B-D2DB-4F1F-B244-9431C5ACE8EA}.Debug|x86.Build.0 = Debug|Any CPU
		{753A921B-D2DB-4F1F-B244-9431C5ACE8EA}.Release|Any CPU.ActiveCfg = Release|Any CPU
		{753A921B-D2DB-4F1F-B244-9431C5ACE8EA}.Release|Any CPU.Build.0 = Release|Any CPU
		{753A921B-D2DB-4F1F-B244-9431C5ACE8EA}.Release|x64.ActiveCfg = Release|Any CPU
		{753A921B-D2DB-4F1F-B244-9431C5ACE8EA}.Release|x64.Build.0 = Release|Any CPU
		{753A921B-D2DB-4F1F-B244-9431C5ACE8EA}.Release|x86.ActiveCfg = Release|Any CPU
		{753A921B-D2DB-4F1F-B244-9431C5ACE8EA}.Release|x86.Build.0 = Release|Any CPU
		{D7FAA77D-950B-468D-8AB1-DB8185163C3E}.Debug|Any CPU.ActiveCfg = Debug|Any CPU
		{D7FAA77D-950B-468D-8AB1-DB8185163C3E}.Debug|Any CPU.Build.0 = Debug|Any CPU
		{D7FAA77D-950B-468D-8AB1-DB8185163C3E}.Debug|x64.ActiveCfg = Debug|Any CPU
		{D7FAA77D-950B-468D-8AB1-DB8185163C3E}.Debug|x64.Build.0 = Debug|Any CPU
		{D7FAA77D-950B-468D-8AB1-DB8185163C3E}.Debug|x86.ActiveCfg = Debug|Any CPU
		{D7FAA77D-950B-468D-8AB1-DB8185163C3E}.Debug|x86.Build.0 = Debug|Any CPU
		{D7FAA77D-950B-468D-8AB1-DB8185163C3E}.Release|Any CPU.ActiveCfg = Release|Any CPU
		{D7FAA77D-950B-468D-8AB1-DB8185163C3E}.Release|Any CPU.Build.0 = Release|Any CPU
		{D7FAA77D-950B-468D-8AB1-DB8185163C3E}.Release|x64.ActiveCfg = Release|Any CPU
		{D7FAA77D-950B-468D-8AB1-DB8185163C3E}.Release|x64.Build.0 = Release|Any CPU
		{D7FAA77D-950B-468D-8AB1-DB8185163C3E}.Release|x86.ActiveCfg = Release|Any CPU
		{D7FAA77D-950B-468D-8AB1-DB8185163C3E}.Release|x86.Build.0 = Release|Any CPU
		{244FBF7E-C649-43BB-9502-4EA8F8376597}.Debug|Any CPU.ActiveCfg = Debug|Any CPU
		{244FBF7E-C649-43BB-9502-4EA8F8376597}.Debug|Any CPU.Build.0 = Debug|Any CPU
		{244FBF7E-C649-43BB-9502-4EA8F8376597}.Debug|x64.ActiveCfg = Debug|Any CPU
		{244FBF7E-C649-43BB-9502-4EA8F8376597}.Debug|x64.Build.0 = Debug|Any CPU
		{244FBF7E-C649-43BB-9502-4EA8F8376597}.Debug|x86.ActiveCfg = Debug|Any CPU
		{244FBF7E-C649-43BB-9502-4EA8F8376597}.Debug|x86.Build.0 = Debug|Any CPU
		{244FBF7E-C649-43BB-9502-4EA8F8376597}.Release|Any CPU.ActiveCfg = Release|Any CPU
		{244FBF7E-C649-43BB-9502-4EA8F8376597}.Release|Any CPU.Build.0 = Release|Any CPU
		{244FBF7E-C649-43BB-9502-4EA8F8376597}.Release|x64.ActiveCfg = Release|Any CPU
		{244FBF7E-C649-43BB-9502-4EA8F8376597}.Release|x64.Build.0 = Release|Any CPU
		{244FBF7E-C649-43BB-9502-4EA8F8376597}.Release|x86.ActiveCfg = Release|Any CPU
		{244FBF7E-C649-43BB-9502-4EA8F8376597}.Release|x86.Build.0 = Release|Any CPU
		{53706676-F000-45DB-87F9-5FF2D5FECE3E}.Debug|Any CPU.ActiveCfg = Debug|Any CPU
		{53706676-F000-45DB-87F9-5FF2D5FECE3E}.Debug|Any CPU.Build.0 = Debug|Any CPU
		{53706676-F000-45DB-87F9-5FF2D5FECE3E}.Debug|x64.ActiveCfg = Debug|Any CPU
		{53706676-F000-45DB-87F9-5FF2D5FECE3E}.Debug|x64.Build.0 = Debug|Any CPU
		{53706676-F000-45DB-87F9-5FF2D5FECE3E}.Debug|x86.ActiveCfg = Debug|Any CPU
		{53706676-F000-45DB-87F9-5FF2D5FECE3E}.Debug|x86.Build.0 = Debug|Any CPU
		{53706676-F000-45DB-87F9-5FF2D5FECE3E}.Release|Any CPU.ActiveCfg = Release|Any CPU
		{53706676-F000-45DB-87F9-5FF2D5FECE3E}.Release|Any CPU.Build.0 = Release|Any CPU
		{53706676-F000-45DB-87F9-5FF2D5FECE3E}.Release|x64.ActiveCfg = Release|Any CPU
		{53706676-F000-45DB-87F9-5FF2D5FECE3E}.Release|x64.Build.0 = Release|Any CPU
		{53706676-F000-45DB-87F9-5FF2D5FECE3E}.Release|x86.ActiveCfg = Release|Any CPU
		{53706676-F000-45DB-87F9-5FF2D5FECE3E}.Release|x86.Build.0 = Release|Any CPU
		{D6F5C370-F4A6-4EC9-A7C8-063443786B64}.Debug|Any CPU.ActiveCfg = Debug|Any CPU
		{D6F5C370-F4A6-4EC9-A7C8-063443786B64}.Debug|Any CPU.Build.0 = Debug|Any CPU
		{D6F5C370-F4A6-4EC9-A7C8-063443786B64}.Debug|x64.ActiveCfg = Debug|Any CPU
		{D6F5C370-F4A6-4EC9-A7C8-063443786B64}.Debug|x64.Build.0 = Debug|Any CPU
		{D6F5C370-F4A6-4EC9-A7C8-063443786B64}.Debug|x86.ActiveCfg = Debug|Any CPU
		{D6F5C370-F4A6-4EC9-A7C8-063443786B64}.Debug|x86.Build.0 = Debug|Any CPU
		{D6F5C370-F4A6-4EC9-A7C8-063443786B64}.Release|Any CPU.ActiveCfg = Release|Any CPU
		{D6F5C370-F4A6-4EC9-A7C8-063443786B64}.Release|Any CPU.Build.0 = Release|Any CPU
		{D6F5C370-F4A6-4EC9-A7C8-063443786B64}.Release|x64.ActiveCfg = Release|Any CPU
		{D6F5C370-F4A6-4EC9-A7C8-063443786B64}.Release|x64.Build.0 = Release|Any CPU
		{D6F5C370-F4A6-4EC9-A7C8-063443786B64}.Release|x86.ActiveCfg = Release|Any CPU
		{D6F5C370-F4A6-4EC9-A7C8-063443786B64}.Release|x86.Build.0 = Release|Any CPU
		{32BCC0A8-DC02-492B-B027-39A9F45E7E2C}.Debug|Any CPU.ActiveCfg = Debug|Any CPU
		{32BCC0A8-DC02-492B-B027-39A9F45E7E2C}.Debug|Any CPU.Build.0 = Debug|Any CPU
		{32BCC0A8-DC02-492B-B027-39A9F45E7E2C}.Debug|x64.ActiveCfg = Debug|Any CPU
		{32BCC0A8-DC02-492B-B027-39A9F45E7E2C}.Debug|x64.Build.0 = Debug|Any CPU
		{32BCC0A8-DC02-492B-B027-39A9F45E7E2C}.Debug|x86.ActiveCfg = Debug|Any CPU
		{32BCC0A8-DC02-492B-B027-39A9F45E7E2C}.Debug|x86.Build.0 = Debug|Any CPU
		{32BCC0A8-DC02-492B-B027-39A9F45E7E2C}.Release|Any CPU.ActiveCfg = Release|Any CPU
		{32BCC0A8-DC02-492B-B027-39A9F45E7E2C}.Release|Any CPU.Build.0 = Release|Any CPU
		{32BCC0A8-DC02-492B-B027-39A9F45E7E2C}.Release|x64.ActiveCfg = Release|Any CPU
		{32BCC0A8-DC02-492B-B027-39A9F45E7E2C}.Release|x64.Build.0 = Release|Any CPU
		{32BCC0A8-DC02-492B-B027-39A9F45E7E2C}.Release|x86.ActiveCfg = Release|Any CPU
		{32BCC0A8-DC02-492B-B027-39A9F45E7E2C}.Release|x86.Build.0 = Release|Any CPU
		{9EDF46CC-C68A-4A57-B1BA-4362892D4D46}.Debug|Any CPU.ActiveCfg = Debug|Any CPU
		{9EDF46CC-C68A-4A57-B1BA-4362892D4D46}.Debug|Any CPU.Build.0 = Debug|Any CPU
		{9EDF46CC-C68A-4A57-B1BA-4362892D4D46}.Debug|x64.ActiveCfg = Debug|Any CPU
		{9EDF46CC-C68A-4A57-B1BA-4362892D4D46}.Debug|x64.Build.0 = Debug|Any CPU
		{9EDF46CC-C68A-4A57-B1BA-4362892D4D46}.Debug|x86.ActiveCfg = Debug|Any CPU
		{9EDF46CC-C68A-4A57-B1BA-4362892D4D46}.Debug|x86.Build.0 = Debug|Any CPU
		{9EDF46CC-C68A-4A57-B1BA-4362892D4D46}.Release|Any CPU.ActiveCfg = Release|Any CPU
		{9EDF46CC-C68A-4A57-B1BA-4362892D4D46}.Release|Any CPU.Build.0 = Release|Any CPU
		{9EDF46CC-C68A-4A57-B1BA-4362892D4D46}.Release|x64.ActiveCfg = Release|Any CPU
		{9EDF46CC-C68A-4A57-B1BA-4362892D4D46}.Release|x64.Build.0 = Release|Any CPU
		{9EDF46CC-C68A-4A57-B1BA-4362892D4D46}.Release|x86.ActiveCfg = Release|Any CPU
		{9EDF46CC-C68A-4A57-B1BA-4362892D4D46}.Release|x86.Build.0 = Release|Any CPU
		{F0415EB6-FA17-47DE-8585-83FF30DABC84}.Debug|Any CPU.ActiveCfg = Debug|Any CPU
		{F0415EB6-FA17-47DE-8585-83FF30DABC84}.Debug|Any CPU.Build.0 = Debug|Any CPU
		{F0415EB6-FA17-47DE-8585-83FF30DABC84}.Debug|x64.ActiveCfg = Debug|Any CPU
		{F0415EB6-FA17-47DE-8585-83FF30DABC84}.Debug|x64.Build.0 = Debug|Any CPU
		{F0415EB6-FA17-47DE-8585-83FF30DABC84}.Debug|x86.ActiveCfg = Debug|Any CPU
		{F0415EB6-FA17-47DE-8585-83FF30DABC84}.Debug|x86.Build.0 = Debug|Any CPU
		{F0415EB6-FA17-47DE-8585-83FF30DABC84}.Release|Any CPU.ActiveCfg = Release|Any CPU
		{F0415EB6-FA17-47DE-8585-83FF30DABC84}.Release|Any CPU.Build.0 = Release|Any CPU
		{F0415EB6-FA17-47DE-8585-83FF30DABC84}.Release|x64.ActiveCfg = Release|Any CPU
		{F0415EB6-FA17-47DE-8585-83FF30DABC84}.Release|x64.Build.0 = Release|Any CPU
		{F0415EB6-FA17-47DE-8585-83FF30DABC84}.Release|x86.ActiveCfg = Release|Any CPU
		{F0415EB6-FA17-47DE-8585-83FF30DABC84}.Release|x86.Build.0 = Release|Any CPU
		{484C38A5-0B8A-40B5-AFF0-6EA5B0FC4B36}.Debug|Any CPU.ActiveCfg = Debug|Any CPU
		{484C38A5-0B8A-40B5-AFF0-6EA5B0FC4B36}.Debug|Any CPU.Build.0 = Debug|Any CPU
		{484C38A5-0B8A-40B5-AFF0-6EA5B0FC4B36}.Debug|x64.ActiveCfg = Debug|Any CPU
		{484C38A5-0B8A-40B5-AFF0-6EA5B0FC4B36}.Debug|x64.Build.0 = Debug|Any CPU
		{484C38A5-0B8A-40B5-AFF0-6EA5B0FC4B36}.Debug|x86.ActiveCfg = Debug|Any CPU
		{484C38A5-0B8A-40B5-AFF0-6EA5B0FC4B36}.Debug|x86.Build.0 = Debug|Any CPU
		{484C38A5-0B8A-40B5-AFF0-6EA5B0FC4B36}.Release|Any CPU.ActiveCfg = Release|Any CPU
		{484C38A5-0B8A-40B5-AFF0-6EA5B0FC4B36}.Release|Any CPU.Build.0 = Release|Any CPU
		{484C38A5-0B8A-40B5-AFF0-6EA5B0FC4B36}.Release|x64.ActiveCfg = Release|Any CPU
		{484C38A5-0B8A-40B5-AFF0-6EA5B0FC4B36}.Release|x64.Build.0 = Release|Any CPU
		{484C38A5-0B8A-40B5-AFF0-6EA5B0FC4B36}.Release|x86.ActiveCfg = Release|Any CPU
		{484C38A5-0B8A-40B5-AFF0-6EA5B0FC4B36}.Release|x86.Build.0 = Release|Any CPU
		{0F916CAC-2C84-4846-A3CE-E77A2FB6AD52}.Debug|Any CPU.ActiveCfg = Debug|Any CPU
		{0F916CAC-2C84-4846-A3CE-E77A2FB6AD52}.Debug|Any CPU.Build.0 = Debug|Any CPU
		{0F916CAC-2C84-4846-A3CE-E77A2FB6AD52}.Debug|x64.ActiveCfg = Debug|Any CPU
		{0F916CAC-2C84-4846-A3CE-E77A2FB6AD52}.Debug|x64.Build.0 = Debug|Any CPU
		{0F916CAC-2C84-4846-A3CE-E77A2FB6AD52}.Debug|x86.ActiveCfg = Debug|Any CPU
		{0F916CAC-2C84-4846-A3CE-E77A2FB6AD52}.Debug|x86.Build.0 = Debug|Any CPU
		{0F916CAC-2C84-4846-A3CE-E77A2FB6AD52}.Release|Any CPU.ActiveCfg = Release|Any CPU
		{0F916CAC-2C84-4846-A3CE-E77A2FB6AD52}.Release|Any CPU.Build.0 = Release|Any CPU
		{0F916CAC-2C84-4846-A3CE-E77A2FB6AD52}.Release|x64.ActiveCfg = Release|Any CPU
		{0F916CAC-2C84-4846-A3CE-E77A2FB6AD52}.Release|x64.Build.0 = Release|Any CPU
		{0F916CAC-2C84-4846-A3CE-E77A2FB6AD52}.Release|x86.ActiveCfg = Release|Any CPU
		{0F916CAC-2C84-4846-A3CE-E77A2FB6AD52}.Release|x86.Build.0 = Release|Any CPU
		{1460A6FB-026A-47BB-B4FB-5D8D525B38C7}.Debug|Any CPU.ActiveCfg = Debug|Any CPU
		{1460A6FB-026A-47BB-B4FB-5D8D525B38C7}.Debug|Any CPU.Build.0 = Debug|Any CPU
		{1460A6FB-026A-47BB-B4FB-5D8D525B38C7}.Debug|x64.ActiveCfg = Debug|Any CPU
		{1460A6FB-026A-47BB-B4FB-5D8D525B38C7}.Debug|x64.Build.0 = Debug|Any CPU
		{1460A6FB-026A-47BB-B4FB-5D8D525B38C7}.Debug|x86.ActiveCfg = Debug|Any CPU
		{1460A6FB-026A-47BB-B4FB-5D8D525B38C7}.Debug|x86.Build.0 = Debug|Any CPU
		{1460A6FB-026A-47BB-B4FB-5D8D525B38C7}.Release|Any CPU.ActiveCfg = Release|Any CPU
		{1460A6FB-026A-47BB-B4FB-5D8D525B38C7}.Release|Any CPU.Build.0 = Release|Any CPU
		{1460A6FB-026A-47BB-B4FB-5D8D525B38C7}.Release|x64.ActiveCfg = Release|Any CPU
		{1460A6FB-026A-47BB-B4FB-5D8D525B38C7}.Release|x64.Build.0 = Release|Any CPU
		{1460A6FB-026A-47BB-B4FB-5D8D525B38C7}.Release|x86.ActiveCfg = Release|Any CPU
		{1460A6FB-026A-47BB-B4FB-5D8D525B38C7}.Release|x86.Build.0 = Release|Any CPU
		{3C3000A8-2751-4DB7-98B8-1D75668BF2D1}.Debug|Any CPU.ActiveCfg = Debug|Any CPU
		{3C3000A8-2751-4DB7-98B8-1D75668BF2D1}.Debug|Any CPU.Build.0 = Debug|Any CPU
		{3C3000A8-2751-4DB7-98B8-1D75668BF2D1}.Debug|x64.ActiveCfg = Debug|Any CPU
		{3C3000A8-2751-4DB7-98B8-1D75668BF2D1}.Debug|x64.Build.0 = Debug|Any CPU
		{3C3000A8-2751-4DB7-98B8-1D75668BF2D1}.Debug|x86.ActiveCfg = Debug|Any CPU
		{3C3000A8-2751-4DB7-98B8-1D75668BF2D1}.Debug|x86.Build.0 = Debug|Any CPU
		{3C3000A8-2751-4DB7-98B8-1D75668BF2D1}.Release|Any CPU.ActiveCfg = Release|Any CPU
		{3C3000A8-2751-4DB7-98B8-1D75668BF2D1}.Release|Any CPU.Build.0 = Release|Any CPU
		{3C3000A8-2751-4DB7-98B8-1D75668BF2D1}.Release|x64.ActiveCfg = Release|Any CPU
		{3C3000A8-2751-4DB7-98B8-1D75668BF2D1}.Release|x64.Build.0 = Release|Any CPU
		{3C3000A8-2751-4DB7-98B8-1D75668BF2D1}.Release|x86.ActiveCfg = Release|Any CPU
		{3C3000A8-2751-4DB7-98B8-1D75668BF2D1}.Release|x86.Build.0 = Release|Any CPU
		{0417A6AA-4383-48E9-94A5-8C7B6803E3C7}.Debug|Any CPU.ActiveCfg = Debug|Any CPU
		{0417A6AA-4383-48E9-94A5-8C7B6803E3C7}.Debug|Any CPU.Build.0 = Debug|Any CPU
		{0417A6AA-4383-48E9-94A5-8C7B6803E3C7}.Debug|x64.ActiveCfg = Debug|Any CPU
		{0417A6AA-4383-48E9-94A5-8C7B6803E3C7}.Debug|x64.Build.0 = Debug|Any CPU
		{0417A6AA-4383-48E9-94A5-8C7B6803E3C7}.Debug|x86.ActiveCfg = Debug|Any CPU
		{0417A6AA-4383-48E9-94A5-8C7B6803E3C7}.Debug|x86.Build.0 = Debug|Any CPU
		{0417A6AA-4383-48E9-94A5-8C7B6803E3C7}.Release|Any CPU.ActiveCfg = Release|Any CPU
		{0417A6AA-4383-48E9-94A5-8C7B6803E3C7}.Release|Any CPU.Build.0 = Release|Any CPU
		{0417A6AA-4383-48E9-94A5-8C7B6803E3C7}.Release|x64.ActiveCfg = Release|Any CPU
		{0417A6AA-4383-48E9-94A5-8C7B6803E3C7}.Release|x64.Build.0 = Release|Any CPU
		{0417A6AA-4383-48E9-94A5-8C7B6803E3C7}.Release|x86.ActiveCfg = Release|Any CPU
		{0417A6AA-4383-48E9-94A5-8C7B6803E3C7}.Release|x86.Build.0 = Release|Any CPU
		{E27AAF7E-D60C-4DE0-AC4C-362690EEC909}.Debug|Any CPU.ActiveCfg = Debug|Any CPU
		{E27AAF7E-D60C-4DE0-AC4C-362690EEC909}.Debug|Any CPU.Build.0 = Debug|Any CPU
		{E27AAF7E-D60C-4DE0-AC4C-362690EEC909}.Debug|x64.ActiveCfg = Debug|Any CPU
		{E27AAF7E-D60C-4DE0-AC4C-362690EEC909}.Debug|x64.Build.0 = Debug|Any CPU
		{E27AAF7E-D60C-4DE0-AC4C-362690EEC909}.Debug|x86.ActiveCfg = Debug|Any CPU
		{E27AAF7E-D60C-4DE0-AC4C-362690EEC909}.Debug|x86.Build.0 = Debug|Any CPU
		{E27AAF7E-D60C-4DE0-AC4C-362690EEC909}.Release|Any CPU.ActiveCfg = Release|Any CPU
		{E27AAF7E-D60C-4DE0-AC4C-362690EEC909}.Release|Any CPU.Build.0 = Release|Any CPU
		{E27AAF7E-D60C-4DE0-AC4C-362690EEC909}.Release|x64.ActiveCfg = Release|Any CPU
		{E27AAF7E-D60C-4DE0-AC4C-362690EEC909}.Release|x64.Build.0 = Release|Any CPU
		{E27AAF7E-D60C-4DE0-AC4C-362690EEC909}.Release|x86.ActiveCfg = Release|Any CPU
		{E27AAF7E-D60C-4DE0-AC4C-362690EEC909}.Release|x86.Build.0 = Release|Any CPU
		{9EC8CEB3-60B0-4AB4-9A19-19D3750A912E}.Debug|Any CPU.ActiveCfg = Debug|Any CPU
		{9EC8CEB3-60B0-4AB4-9A19-19D3750A912E}.Debug|Any CPU.Build.0 = Debug|Any CPU
		{9EC8CEB3-60B0-4AB4-9A19-19D3750A912E}.Debug|x64.ActiveCfg = Debug|Any CPU
		{9EC8CEB3-60B0-4AB4-9A19-19D3750A912E}.Debug|x64.Build.0 = Debug|Any CPU
		{9EC8CEB3-60B0-4AB4-9A19-19D3750A912E}.Debug|x86.ActiveCfg = Debug|Any CPU
		{9EC8CEB3-60B0-4AB4-9A19-19D3750A912E}.Debug|x86.Build.0 = Debug|Any CPU
		{9EC8CEB3-60B0-4AB4-9A19-19D3750A912E}.Release|Any CPU.ActiveCfg = Release|Any CPU
		{9EC8CEB3-60B0-4AB4-9A19-19D3750A912E}.Release|Any CPU.Build.0 = Release|Any CPU
		{9EC8CEB3-60B0-4AB4-9A19-19D3750A912E}.Release|x64.ActiveCfg = Release|Any CPU
		{9EC8CEB3-60B0-4AB4-9A19-19D3750A912E}.Release|x64.Build.0 = Release|Any CPU
		{9EC8CEB3-60B0-4AB4-9A19-19D3750A912E}.Release|x86.ActiveCfg = Release|Any CPU
		{9EC8CEB3-60B0-4AB4-9A19-19D3750A912E}.Release|x86.Build.0 = Release|Any CPU
		{61070361-71CA-4885-878C-83B9F527C8A2}.Debug|Any CPU.ActiveCfg = Debug|Any CPU
		{61070361-71CA-4885-878C-83B9F527C8A2}.Debug|Any CPU.Build.0 = Debug|Any CPU
		{61070361-71CA-4885-878C-83B9F527C8A2}.Debug|x64.ActiveCfg = Debug|Any CPU
		{61070361-71CA-4885-878C-83B9F527C8A2}.Debug|x64.Build.0 = Debug|Any CPU
		{61070361-71CA-4885-878C-83B9F527C8A2}.Debug|x86.ActiveCfg = Debug|Any CPU
		{61070361-71CA-4885-878C-83B9F527C8A2}.Debug|x86.Build.0 = Debug|Any CPU
		{61070361-71CA-4885-878C-83B9F527C8A2}.Release|Any CPU.ActiveCfg = Release|Any CPU
		{61070361-71CA-4885-878C-83B9F527C8A2}.Release|Any CPU.Build.0 = Release|Any CPU
		{61070361-71CA-4885-878C-83B9F527C8A2}.Release|x64.ActiveCfg = Release|Any CPU
		{61070361-71CA-4885-878C-83B9F527C8A2}.Release|x64.Build.0 = Release|Any CPU
		{61070361-71CA-4885-878C-83B9F527C8A2}.Release|x86.ActiveCfg = Release|Any CPU
		{61070361-71CA-4885-878C-83B9F527C8A2}.Release|x86.Build.0 = Release|Any CPU
		{511033BA-D03A-4346-9838-47695B9CE099}.Debug|Any CPU.ActiveCfg = Debug|Any CPU
		{511033BA-D03A-4346-9838-47695B9CE099}.Debug|Any CPU.Build.0 = Debug|Any CPU
		{511033BA-D03A-4346-9838-47695B9CE099}.Debug|x64.ActiveCfg = Debug|Any CPU
		{511033BA-D03A-4346-9838-47695B9CE099}.Debug|x64.Build.0 = Debug|Any CPU
		{511033BA-D03A-4346-9838-47695B9CE099}.Debug|x86.ActiveCfg = Debug|Any CPU
		{511033BA-D03A-4346-9838-47695B9CE099}.Debug|x86.Build.0 = Debug|Any CPU
		{511033BA-D03A-4346-9838-47695B9CE099}.Release|Any CPU.ActiveCfg = Release|Any CPU
		{511033BA-D03A-4346-9838-47695B9CE099}.Release|Any CPU.Build.0 = Release|Any CPU
		{511033BA-D03A-4346-9838-47695B9CE099}.Release|x64.ActiveCfg = Release|Any CPU
		{511033BA-D03A-4346-9838-47695B9CE099}.Release|x64.Build.0 = Release|Any CPU
		{511033BA-D03A-4346-9838-47695B9CE099}.Release|x86.ActiveCfg = Release|Any CPU
		{511033BA-D03A-4346-9838-47695B9CE099}.Release|x86.Build.0 = Release|Any CPU
		{A14288C3-FB79-41C1-B357-AC7A0DEB0300}.Debug|Any CPU.ActiveCfg = Debug|Any CPU
		{A14288C3-FB79-41C1-B357-AC7A0DEB0300}.Debug|Any CPU.Build.0 = Debug|Any CPU
		{A14288C3-FB79-41C1-B357-AC7A0DEB0300}.Debug|x64.ActiveCfg = Debug|Any CPU
		{A14288C3-FB79-41C1-B357-AC7A0DEB0300}.Debug|x64.Build.0 = Debug|Any CPU
		{A14288C3-FB79-41C1-B357-AC7A0DEB0300}.Debug|x86.ActiveCfg = Debug|Any CPU
		{A14288C3-FB79-41C1-B357-AC7A0DEB0300}.Debug|x86.Build.0 = Debug|Any CPU
		{A14288C3-FB79-41C1-B357-AC7A0DEB0300}.Release|Any CPU.ActiveCfg = Release|Any CPU
		{A14288C3-FB79-41C1-B357-AC7A0DEB0300}.Release|Any CPU.Build.0 = Release|Any CPU
		{A14288C3-FB79-41C1-B357-AC7A0DEB0300}.Release|x64.ActiveCfg = Release|Any CPU
		{A14288C3-FB79-41C1-B357-AC7A0DEB0300}.Release|x64.Build.0 = Release|Any CPU
		{A14288C3-FB79-41C1-B357-AC7A0DEB0300}.Release|x86.ActiveCfg = Release|Any CPU
		{A14288C3-FB79-41C1-B357-AC7A0DEB0300}.Release|x86.Build.0 = Release|Any CPU
		{04F97C38-AE85-40CC-B950-43A6E3D5CB94}.Debug|Any CPU.ActiveCfg = Debug|Any CPU
		{04F97C38-AE85-40CC-B950-43A6E3D5CB94}.Debug|Any CPU.Build.0 = Debug|Any CPU
		{04F97C38-AE85-40CC-B950-43A6E3D5CB94}.Debug|x64.ActiveCfg = Debug|Any CPU
		{04F97C38-AE85-40CC-B950-43A6E3D5CB94}.Debug|x64.Build.0 = Debug|Any CPU
		{04F97C38-AE85-40CC-B950-43A6E3D5CB94}.Debug|x86.ActiveCfg = Debug|Any CPU
		{04F97C38-AE85-40CC-B950-43A6E3D5CB94}.Debug|x86.Build.0 = Debug|Any CPU
		{04F97C38-AE85-40CC-B950-43A6E3D5CB94}.Release|Any CPU.ActiveCfg = Release|Any CPU
		{04F97C38-AE85-40CC-B950-43A6E3D5CB94}.Release|Any CPU.Build.0 = Release|Any CPU
		{04F97C38-AE85-40CC-B950-43A6E3D5CB94}.Release|x64.ActiveCfg = Release|Any CPU
		{04F97C38-AE85-40CC-B950-43A6E3D5CB94}.Release|x64.Build.0 = Release|Any CPU
		{04F97C38-AE85-40CC-B950-43A6E3D5CB94}.Release|x86.ActiveCfg = Release|Any CPU
		{04F97C38-AE85-40CC-B950-43A6E3D5CB94}.Release|x86.Build.0 = Release|Any CPU
		{7A55D501-2F54-4103-A849-C3FCC37F28C5}.Debug|Any CPU.ActiveCfg = Debug|Any CPU
		{7A55D501-2F54-4103-A849-C3FCC37F28C5}.Debug|Any CPU.Build.0 = Debug|Any CPU
		{7A55D501-2F54-4103-A849-C3FCC37F28C5}.Debug|x64.ActiveCfg = Debug|Any CPU
		{7A55D501-2F54-4103-A849-C3FCC37F28C5}.Debug|x64.Build.0 = Debug|Any CPU
		{7A55D501-2F54-4103-A849-C3FCC37F28C5}.Debug|x86.ActiveCfg = Debug|Any CPU
		{7A55D501-2F54-4103-A849-C3FCC37F28C5}.Debug|x86.Build.0 = Debug|Any CPU
		{7A55D501-2F54-4103-A849-C3FCC37F28C5}.Release|Any CPU.ActiveCfg = Release|Any CPU
		{7A55D501-2F54-4103-A849-C3FCC37F28C5}.Release|Any CPU.Build.0 = Release|Any CPU
		{7A55D501-2F54-4103-A849-C3FCC37F28C5}.Release|x64.ActiveCfg = Release|Any CPU
		{7A55D501-2F54-4103-A849-C3FCC37F28C5}.Release|x64.Build.0 = Release|Any CPU
		{7A55D501-2F54-4103-A849-C3FCC37F28C5}.Release|x86.ActiveCfg = Release|Any CPU
		{7A55D501-2F54-4103-A849-C3FCC37F28C5}.Release|x86.Build.0 = Release|Any CPU
		{A72E2683-BE8A-48DA-8180-DAEC287E073E}.Debug|Any CPU.ActiveCfg = Debug|Any CPU
		{A72E2683-BE8A-48DA-8180-DAEC287E073E}.Debug|Any CPU.Build.0 = Debug|Any CPU
		{A72E2683-BE8A-48DA-8180-DAEC287E073E}.Debug|x64.ActiveCfg = Debug|Any CPU
		{A72E2683-BE8A-48DA-8180-DAEC287E073E}.Debug|x64.Build.0 = Debug|Any CPU
		{A72E2683-BE8A-48DA-8180-DAEC287E073E}.Debug|x86.ActiveCfg = Debug|Any CPU
		{A72E2683-BE8A-48DA-8180-DAEC287E073E}.Debug|x86.Build.0 = Debug|Any CPU
		{A72E2683-BE8A-48DA-8180-DAEC287E073E}.Release|Any CPU.ActiveCfg = Release|Any CPU
		{A72E2683-BE8A-48DA-8180-DAEC287E073E}.Release|Any CPU.Build.0 = Release|Any CPU
		{A72E2683-BE8A-48DA-8180-DAEC287E073E}.Release|x64.ActiveCfg = Release|Any CPU
		{A72E2683-BE8A-48DA-8180-DAEC287E073E}.Release|x64.Build.0 = Release|Any CPU
		{A72E2683-BE8A-48DA-8180-DAEC287E073E}.Release|x86.ActiveCfg = Release|Any CPU
		{A72E2683-BE8A-48DA-8180-DAEC287E073E}.Release|x86.Build.0 = Release|Any CPU
		{E9BA2909-6DA3-4869-910B-D54F9E8422AD}.Debug|Any CPU.ActiveCfg = Debug|Any CPU
		{E9BA2909-6DA3-4869-910B-D54F9E8422AD}.Debug|Any CPU.Build.0 = Debug|Any CPU
		{E9BA2909-6DA3-4869-910B-D54F9E8422AD}.Debug|x64.ActiveCfg = Debug|Any CPU
		{E9BA2909-6DA3-4869-910B-D54F9E8422AD}.Debug|x64.Build.0 = Debug|Any CPU
		{E9BA2909-6DA3-4869-910B-D54F9E8422AD}.Debug|x86.ActiveCfg = Debug|Any CPU
		{E9BA2909-6DA3-4869-910B-D54F9E8422AD}.Debug|x86.Build.0 = Debug|Any CPU
		{E9BA2909-6DA3-4869-910B-D54F9E8422AD}.Release|Any CPU.ActiveCfg = Release|Any CPU
		{E9BA2909-6DA3-4869-910B-D54F9E8422AD}.Release|Any CPU.Build.0 = Release|Any CPU
		{E9BA2909-6DA3-4869-910B-D54F9E8422AD}.Release|x64.ActiveCfg = Release|Any CPU
		{E9BA2909-6DA3-4869-910B-D54F9E8422AD}.Release|x64.Build.0 = Release|Any CPU
		{E9BA2909-6DA3-4869-910B-D54F9E8422AD}.Release|x86.ActiveCfg = Release|Any CPU
		{E9BA2909-6DA3-4869-910B-D54F9E8422AD}.Release|x86.Build.0 = Release|Any CPU
		{31A429BE-0B09-4E46-8E0F-8E2A1BCD408B}.Debug|Any CPU.ActiveCfg = Debug|Any CPU
		{31A429BE-0B09-4E46-8E0F-8E2A1BCD408B}.Debug|Any CPU.Build.0 = Debug|Any CPU
		{31A429BE-0B09-4E46-8E0F-8E2A1BCD408B}.Debug|x64.ActiveCfg = Debug|Any CPU
		{31A429BE-0B09-4E46-8E0F-8E2A1BCD408B}.Debug|x64.Build.0 = Debug|Any CPU
		{31A429BE-0B09-4E46-8E0F-8E2A1BCD408B}.Debug|x86.ActiveCfg = Debug|Any CPU
		{31A429BE-0B09-4E46-8E0F-8E2A1BCD408B}.Debug|x86.Build.0 = Debug|Any CPU
		{31A429BE-0B09-4E46-8E0F-8E2A1BCD408B}.Release|Any CPU.ActiveCfg = Release|Any CPU
		{31A429BE-0B09-4E46-8E0F-8E2A1BCD408B}.Release|Any CPU.Build.0 = Release|Any CPU
		{31A429BE-0B09-4E46-8E0F-8E2A1BCD408B}.Release|x64.ActiveCfg = Release|Any CPU
		{31A429BE-0B09-4E46-8E0F-8E2A1BCD408B}.Release|x64.Build.0 = Release|Any CPU
		{31A429BE-0B09-4E46-8E0F-8E2A1BCD408B}.Release|x86.ActiveCfg = Release|Any CPU
		{31A429BE-0B09-4E46-8E0F-8E2A1BCD408B}.Release|x86.Build.0 = Release|Any CPU
		{3950F2CF-04F4-4C43-B371-00E0FB3372A6}.Debug|Any CPU.ActiveCfg = Debug|Any CPU
		{3950F2CF-04F4-4C43-B371-00E0FB3372A6}.Debug|Any CPU.Build.0 = Debug|Any CPU
		{3950F2CF-04F4-4C43-B371-00E0FB3372A6}.Debug|x64.ActiveCfg = Debug|Any CPU
		{3950F2CF-04F4-4C43-B371-00E0FB3372A6}.Debug|x64.Build.0 = Debug|Any CPU
		{3950F2CF-04F4-4C43-B371-00E0FB3372A6}.Debug|x86.ActiveCfg = Debug|Any CPU
		{3950F2CF-04F4-4C43-B371-00E0FB3372A6}.Debug|x86.Build.0 = Debug|Any CPU
		{3950F2CF-04F4-4C43-B371-00E0FB3372A6}.Release|Any CPU.ActiveCfg = Release|Any CPU
		{3950F2CF-04F4-4C43-B371-00E0FB3372A6}.Release|Any CPU.Build.0 = Release|Any CPU
		{3950F2CF-04F4-4C43-B371-00E0FB3372A6}.Release|x64.ActiveCfg = Release|Any CPU
		{3950F2CF-04F4-4C43-B371-00E0FB3372A6}.Release|x64.Build.0 = Release|Any CPU
		{3950F2CF-04F4-4C43-B371-00E0FB3372A6}.Release|x86.ActiveCfg = Release|Any CPU
		{3950F2CF-04F4-4C43-B371-00E0FB3372A6}.Release|x86.Build.0 = Release|Any CPU
		{7FE78031-6072-4CA5-860A-2F1A114EB8AD}.Debug|Any CPU.ActiveCfg = Debug|Any CPU
		{7FE78031-6072-4CA5-860A-2F1A114EB8AD}.Debug|Any CPU.Build.0 = Debug|Any CPU
		{7FE78031-6072-4CA5-860A-2F1A114EB8AD}.Debug|x64.ActiveCfg = Debug|Any CPU
		{7FE78031-6072-4CA5-860A-2F1A114EB8AD}.Debug|x64.Build.0 = Debug|Any CPU
		{7FE78031-6072-4CA5-860A-2F1A114EB8AD}.Debug|x86.ActiveCfg = Debug|Any CPU
		{7FE78031-6072-4CA5-860A-2F1A114EB8AD}.Debug|x86.Build.0 = Debug|Any CPU
		{7FE78031-6072-4CA5-860A-2F1A114EB8AD}.Release|Any CPU.ActiveCfg = Release|Any CPU
		{7FE78031-6072-4CA5-860A-2F1A114EB8AD}.Release|Any CPU.Build.0 = Release|Any CPU
		{7FE78031-6072-4CA5-860A-2F1A114EB8AD}.Release|x64.ActiveCfg = Release|Any CPU
		{7FE78031-6072-4CA5-860A-2F1A114EB8AD}.Release|x64.Build.0 = Release|Any CPU
		{7FE78031-6072-4CA5-860A-2F1A114EB8AD}.Release|x86.ActiveCfg = Release|Any CPU
		{7FE78031-6072-4CA5-860A-2F1A114EB8AD}.Release|x86.Build.0 = Release|Any CPU
		{E9052DCC-5085-48C4-95B7-FB983E93EE63}.Debug|Any CPU.ActiveCfg = Debug|Any CPU
		{E9052DCC-5085-48C4-95B7-FB983E93EE63}.Debug|Any CPU.Build.0 = Debug|Any CPU
		{E9052DCC-5085-48C4-95B7-FB983E93EE63}.Debug|x64.ActiveCfg = Debug|Any CPU
		{E9052DCC-5085-48C4-95B7-FB983E93EE63}.Debug|x64.Build.0 = Debug|Any CPU
		{E9052DCC-5085-48C4-95B7-FB983E93EE63}.Debug|x86.ActiveCfg = Debug|Any CPU
		{E9052DCC-5085-48C4-95B7-FB983E93EE63}.Debug|x86.Build.0 = Debug|Any CPU
		{E9052DCC-5085-48C4-95B7-FB983E93EE63}.Release|Any CPU.ActiveCfg = Release|Any CPU
		{E9052DCC-5085-48C4-95B7-FB983E93EE63}.Release|Any CPU.Build.0 = Release|Any CPU
		{E9052DCC-5085-48C4-95B7-FB983E93EE63}.Release|x64.ActiveCfg = Release|Any CPU
		{E9052DCC-5085-48C4-95B7-FB983E93EE63}.Release|x64.Build.0 = Release|Any CPU
		{E9052DCC-5085-48C4-95B7-FB983E93EE63}.Release|x86.ActiveCfg = Release|Any CPU
		{E9052DCC-5085-48C4-95B7-FB983E93EE63}.Release|x86.Build.0 = Release|Any CPU
		{39B3E0A8-B8CF-4562-98D4-8E2DC096292C}.Debug|Any CPU.ActiveCfg = Debug|Any CPU
		{39B3E0A8-B8CF-4562-98D4-8E2DC096292C}.Debug|Any CPU.Build.0 = Debug|Any CPU
		{39B3E0A8-B8CF-4562-98D4-8E2DC096292C}.Debug|x64.ActiveCfg = Debug|Any CPU
		{39B3E0A8-B8CF-4562-98D4-8E2DC096292C}.Debug|x64.Build.0 = Debug|Any CPU
		{39B3E0A8-B8CF-4562-98D4-8E2DC096292C}.Debug|x86.ActiveCfg = Debug|Any CPU
		{39B3E0A8-B8CF-4562-98D4-8E2DC096292C}.Debug|x86.Build.0 = Debug|Any CPU
		{39B3E0A8-B8CF-4562-98D4-8E2DC096292C}.Release|Any CPU.ActiveCfg = Release|Any CPU
		{39B3E0A8-B8CF-4562-98D4-8E2DC096292C}.Release|Any CPU.Build.0 = Release|Any CPU
		{39B3E0A8-B8CF-4562-98D4-8E2DC096292C}.Release|x64.ActiveCfg = Release|Any CPU
		{39B3E0A8-B8CF-4562-98D4-8E2DC096292C}.Release|x64.Build.0 = Release|Any CPU
		{39B3E0A8-B8CF-4562-98D4-8E2DC096292C}.Release|x86.ActiveCfg = Release|Any CPU
		{39B3E0A8-B8CF-4562-98D4-8E2DC096292C}.Release|x86.Build.0 = Release|Any CPU
		{FCAE1DCA-EC78-4F58-A786-13F2D7AB48CB}.Debug|Any CPU.ActiveCfg = Debug|Any CPU
		{FCAE1DCA-EC78-4F58-A786-13F2D7AB48CB}.Debug|Any CPU.Build.0 = Debug|Any CPU
		{FCAE1DCA-EC78-4F58-A786-13F2D7AB48CB}.Debug|x64.ActiveCfg = Debug|Any CPU
		{FCAE1DCA-EC78-4F58-A786-13F2D7AB48CB}.Debug|x64.Build.0 = Debug|Any CPU
		{FCAE1DCA-EC78-4F58-A786-13F2D7AB48CB}.Debug|x86.ActiveCfg = Debug|Any CPU
		{FCAE1DCA-EC78-4F58-A786-13F2D7AB48CB}.Debug|x86.Build.0 = Debug|Any CPU
		{FCAE1DCA-EC78-4F58-A786-13F2D7AB48CB}.Release|Any CPU.ActiveCfg = Release|Any CPU
		{FCAE1DCA-EC78-4F58-A786-13F2D7AB48CB}.Release|Any CPU.Build.0 = Release|Any CPU
		{FCAE1DCA-EC78-4F58-A786-13F2D7AB48CB}.Release|x64.ActiveCfg = Release|Any CPU
		{FCAE1DCA-EC78-4F58-A786-13F2D7AB48CB}.Release|x64.Build.0 = Release|Any CPU
		{FCAE1DCA-EC78-4F58-A786-13F2D7AB48CB}.Release|x86.ActiveCfg = Release|Any CPU
		{FCAE1DCA-EC78-4F58-A786-13F2D7AB48CB}.Release|x86.Build.0 = Release|Any CPU
	EndGlobalSection
	GlobalSection(SolutionProperties) = preSolution
		HideSolutionNode = FALSE
	EndGlobalSection
	GlobalSection(NestedProjects) = preSolution
		{6D676BB0-7770-497C-A038-9BCFDB51EF64} = {CD296D46-C64D-4D2D-8FA3-973AB6C9068E}
		{FD485C85-9A47-4FE3-B687-8C374E5816C5} = {CD296D46-C64D-4D2D-8FA3-973AB6C9068E}
		{1D510F6F-0092-4C71-9A26-472FD6872CA8} = {CD296D46-C64D-4D2D-8FA3-973AB6C9068E}
		{753A921B-D2DB-4F1F-B244-9431C5ACE8EA} = {CD296D46-C64D-4D2D-8FA3-973AB6C9068E}
		{244FBF7E-C649-43BB-9502-4EA8F8376597} = {CD296D46-C64D-4D2D-8FA3-973AB6C9068E}
		{53706676-F000-45DB-87F9-5FF2D5FECE3E} = {CD296D46-C64D-4D2D-8FA3-973AB6C9068E}
		{D6F5C370-F4A6-4EC9-A7C8-063443786B64} = {14A4922A-9C92-4FC8-BFCC-2DC941902EFA}
		{32BCC0A8-DC02-492B-B027-39A9F45E7E2C} = {14A4922A-9C92-4FC8-BFCC-2DC941902EFA}
		{9EDF46CC-C68A-4A57-B1BA-4362892D4D46} = {14A4922A-9C92-4FC8-BFCC-2DC941902EFA}
		{F0415EB6-FA17-47DE-8585-83FF30DABC84} = {14A4922A-9C92-4FC8-BFCC-2DC941902EFA}
		{484C38A5-0B8A-40B5-AFF0-6EA5B0FC4B36} = {14A4922A-9C92-4FC8-BFCC-2DC941902EFA}
		{0F916CAC-2C84-4846-A3CE-E77A2FB6AD52} = {14A4922A-9C92-4FC8-BFCC-2DC941902EFA}
		{1460A6FB-026A-47BB-B4FB-5D8D525B38C7} = {14A4922A-9C92-4FC8-BFCC-2DC941902EFA}
		{3C3000A8-2751-4DB7-98B8-1D75668BF2D1} = {14E4E63C-D335-4D73-B3EB-E77C0B46500F}
		{0DD10879-01A7-48B9-A4B6-68FC69ABE4B0} = {CD296D46-C64D-4D2D-8FA3-973AB6C9068E}
		{0417A6AA-4383-48E9-94A5-8C7B6803E3C7} = {0DD10879-01A7-48B9-A4B6-68FC69ABE4B0}
		{E27AAF7E-D60C-4DE0-AC4C-362690EEC909} = {0DD10879-01A7-48B9-A4B6-68FC69ABE4B0}
		{FB957531-EBA2-4D1A-AB44-46544B65410F} = {CD296D46-C64D-4D2D-8FA3-973AB6C9068E}
		{9EC8CEB3-60B0-4AB4-9A19-19D3750A912E} = {FB957531-EBA2-4D1A-AB44-46544B65410F}
		{61070361-71CA-4885-878C-83B9F527C8A2} = {FB957531-EBA2-4D1A-AB44-46544B65410F}
		{68580063-50E4-4B50-94AC-7E1A408718BE} = {14E4E63C-D335-4D73-B3EB-E77C0B46500F}
		{511033BA-D03A-4346-9838-47695B9CE099} = {68580063-50E4-4B50-94AC-7E1A408718BE}
		{BB370A09-4DD4-4D7C-ADAC-035DBF438EBA} = {14E4E63C-D335-4D73-B3EB-E77C0B46500F}
		{A14288C3-FB79-41C1-B357-AC7A0DEB0300} = {BB370A09-4DD4-4D7C-ADAC-035DBF438EBA}
		{04F97C38-AE85-40CC-B950-43A6E3D5CB94} = {BB370A09-4DD4-4D7C-ADAC-035DBF438EBA}
		{D455AE1E-A950-43A3-A70B-274BBC33FF21} = {14E4E63C-D335-4D73-B3EB-E77C0B46500F}
		{7A55D501-2F54-4103-A849-C3FCC37F28C5} = {D455AE1E-A950-43A3-A70B-274BBC33FF21}
		{A72E2683-BE8A-48DA-8180-DAEC287E073E} = {D455AE1E-A950-43A3-A70B-274BBC33FF21}
		{5E034C59-0FCC-4BAC-A013-76101E67EC4B} = {14E4E63C-D335-4D73-B3EB-E77C0B46500F}
		{E9BA2909-6DA3-4869-910B-D54F9E8422AD} = {5E034C59-0FCC-4BAC-A013-76101E67EC4B}
		{31A429BE-0B09-4E46-8E0F-8E2A1BCD408B} = {5E034C59-0FCC-4BAC-A013-76101E67EC4B}
		{A5939D20-247A-466E-8F55-C8059F1F8198} = {14E4E63C-D335-4D73-B3EB-E77C0B46500F}
		{3950F2CF-04F4-4C43-B371-00E0FB3372A6} = {A5939D20-247A-466E-8F55-C8059F1F8198}
		{7FE78031-6072-4CA5-860A-2F1A114EB8AD} = {A5939D20-247A-466E-8F55-C8059F1F8198}
		{E9052DCC-5085-48C4-95B7-FB983E93EE63} = {68580063-50E4-4B50-94AC-7E1A408718BE}
		{91B870DE-B3DF-4E1C-9DD9-F644918C017E} = {14E4E63C-D335-4D73-B3EB-E77C0B46500F}
		{39B3E0A8-B8CF-4562-98D4-8E2DC096292C} = {91B870DE-B3DF-4E1C-9DD9-F644918C017E}
		{FCAE1DCA-EC78-4F58-A786-13F2D7AB48CB} = {91B870DE-B3DF-4E1C-9DD9-F644918C017E}
	EndGlobalSection
	GlobalSection(ExtensibilityGlobals) = postSolution
		SolutionGuid = {FC245990-985D-4478-BBAB-667718F85BD9}
	EndGlobalSection
EndGlobal
