Microsoft Visual Studio Solution File, Format Version 12.00
# Visual Studio Version 17
VisualStudioVersion = 17.13.35825.156
MinimumVisualStudioVersion = 10.0.40219.1
Project("{2150E333-8FDC-42A3-9474-1A3956D46DE8}") = "SingletonDesignPattern", "SingletonDesignPattern", "{02EA681E-C7D8-13C7-8484-4AC65E1B71E8}"
	ProjectSection(SolutionItems) = preProject
		readme.md = readme.md
	EndProjectSection
EndProject
Project("{2150E333-8FDC-42A3-9474-1A3956D46DE8}") = "docs", "docs", "{E913752A-1DE4-4A73-ABEA-BB2446FB9D78}"
EndProject
Project("{FAE04EC0-301F-11D3-BF4B-00C04F79EFBC}") = "Example", "SingletonDesignPattern\Example\Example.csproj", "{569799E8-4EDF-4B7E-B754-5BF0B2118C31}"
EndProject
Global
	GlobalSection(SolutionConfigurationPlatforms) = preSolution
		Debug|Any CPU = Debug|Any CPU
		Release|Any CPU = Release|Any CPU
	EndGlobalSection
	GlobalSection(ProjectConfigurationPlatforms) = postSolution
		{569799E8-4EDF-4B7E-B754-5BF0B2118C31}.Debug|Any CPU.ActiveCfg = Debug|Any CPU
		{569799E8-4EDF-4B7E-B754-5BF0B2118C31}.Debug|Any CPU.Build.0 = Debug|Any CPU
		{569799E8-4EDF-4B7E-B754-5BF0B2118C31}.Release|Any CPU.ActiveCfg = Release|Any CPU
		{569799E8-4EDF-4B7E-B754-5BF0B2118C31}.Release|Any CPU.Build.0 = Release|Any CPU
	EndGlobalSection
	GlobalSection(SolutionProperties) = preSolution
		HideSolutionNode = FALSE
	EndGlobalSection
	GlobalSection(NestedProjects) = preSolution
		{E913752A-1DE4-4A73-ABEA-BB2446FB9D78} = {02EA681E-C7D8-13C7-8484-4AC65E1B71E8}
		{569799E8-4EDF-4B7E-B754-5BF0B2118C31} = {02EA681E-C7D8-13C7-8484-4AC65E1B71E8}
	EndGlobalSection
	GlobalSection(ExtensibilityGlobals) = postSolution
		SolutionGuid = {D726ABE2-D29B-46F3-8DC9-121A2B8AAD57}
	EndGlobalSection
EndGlobal
